// !$*UTF8*$!
{
	archiveVersion = 1;
	classes = {
	};
	objectVersion = 48;
	objects = {

/* Begin PBXBuildFile section */
		1F910718206C2973008F9513 /* ImageView.swift in Sources */ = {isa = PBXBuildFile; fileRef = 1F910717206C2973008F9513 /* ImageView.swift */; };
		1FAFF018206EDD93005DC68B /* Soleil-03.otf in Resources */ = {isa = PBXBuildFile; fileRef = 1FAFF00C206EDD92005DC68B /* Soleil-03.otf */; };
		1FAFF019206EDD93005DC68B /* Soleil-05.otf in Resources */ = {isa = PBXBuildFile; fileRef = 1FAFF00D206EDD92005DC68B /* Soleil-05.otf */; };
		1FAFF01A206EDD93005DC68B /* Soleil-00.otf in Resources */ = {isa = PBXBuildFile; fileRef = 1FAFF00E206EDD92005DC68B /* Soleil-00.otf */; };
		1FAFF01B206EDD93005DC68B /* Soleil-04.otf in Resources */ = {isa = PBXBuildFile; fileRef = 1FAFF00F206EDD92005DC68B /* Soleil-04.otf */; };
		1FAFF01C206EDD93005DC68B /* Soleil-09.otf in Resources */ = {isa = PBXBuildFile; fileRef = 1FAFF010206EDD93005DC68B /* Soleil-09.otf */; };
		1FAFF01D206EDD93005DC68B /* Soleil-10.otf in Resources */ = {isa = PBXBuildFile; fileRef = 1FAFF011206EDD93005DC68B /* Soleil-10.otf */; };
		1FAFF01E206EDD93005DC68B /* Soleil-11.otf in Resources */ = {isa = PBXBuildFile; fileRef = 1FAFF012206EDD93005DC68B /* Soleil-11.otf */; };
		1FAFF01F206EDD93005DC68B /* Soleil-08.otf in Resources */ = {isa = PBXBuildFile; fileRef = 1FAFF013206EDD93005DC68B /* Soleil-08.otf */; };
		1FAFF020206EDD93005DC68B /* Soleil-01.otf in Resources */ = {isa = PBXBuildFile; fileRef = 1FAFF014206EDD93005DC68B /* Soleil-01.otf */; };
		1FAFF021206EDD93005DC68B /* Soleil-07.otf in Resources */ = {isa = PBXBuildFile; fileRef = 1FAFF015206EDD93005DC68B /* Soleil-07.otf */; };
		1FAFF022206EDD93005DC68B /* Soleil-02.otf in Resources */ = {isa = PBXBuildFile; fileRef = 1FAFF016206EDD93005DC68B /* Soleil-02.otf */; };
		1FAFF023206EDD93005DC68B /* Soleil-06.otf in Resources */ = {isa = PBXBuildFile; fileRef = 1FAFF017206EDD93005DC68B /* Soleil-06.otf */; };
		22004FE420DD7A7F00B1E740 /* SettingsManager.swift in Sources */ = {isa = PBXBuildFile; fileRef = 22004FE320DD7A7F00B1E740 /* SettingsManager.swift */; };
		22004FE620DD7DE700B1E740 /* Settings.swift in Sources */ = {isa = PBXBuildFile; fileRef = 22004FE520DD7DE700B1E740 /* Settings.swift */; };
		2204620E20472DE80067D9FB /* RelatedItemListView.swift in Sources */ = {isa = PBXBuildFile; fileRef = 2204620A20472DE80067D9FB /* RelatedItemListView.swift */; };
		2204621720472F2D0067D9FB /* PlayerControl.xib in Resources */ = {isa = PBXBuildFile; fileRef = 2204621420472F2D0067D9FB /* PlayerControl.xib */; };
		2204621820472F2D0067D9FB /* PlayerState.swift in Sources */ = {isa = PBXBuildFile; fileRef = 2204621520472F2D0067D9FB /* PlayerState.swift */; };
		2204621920472F2D0067D9FB /* PlayerControl.swift in Sources */ = {isa = PBXBuildFile; fileRef = 2204621620472F2D0067D9FB /* PlayerControl.swift */; };
		2204623320472FDF0067D9FB /* CoreGraphics.swift in Sources */ = {isa = PBXBuildFile; fileRef = 2204622B20472FDF0067D9FB /* CoreGraphics.swift */; };
		2204623420472FDF0067D9FB /* NSImage.swift in Sources */ = {isa = PBXBuildFile; fileRef = 2204622C20472FDF0067D9FB /* NSImage.swift */; };
		2204623520472FDF0067D9FB /* Int.swift in Sources */ = {isa = PBXBuildFile; fileRef = 2204622D20472FDF0067D9FB /* Int.swift */; };
		2204623620472FDF0067D9FB /* AVKit.swift in Sources */ = {isa = PBXBuildFile; fileRef = 2204622E20472FDF0067D9FB /* AVKit.swift */; };
		2204623720472FDF0067D9FB /* PacketType.swift in Sources */ = {isa = PBXBuildFile; fileRef = 2204622F20472FDF0067D9FB /* PacketType.swift */; };
		2204623820472FDF0067D9FB /* URL.swift in Sources */ = {isa = PBXBuildFile; fileRef = 2204623020472FDF0067D9FB /* URL.swift */; };
		2204623920472FDF0067D9FB /* NetworkConfiguration.swift in Sources */ = {isa = PBXBuildFile; fileRef = 2204623120472FDF0067D9FB /* NetworkConfiguration.swift */; };
		2204623A20472FDF0067D9FB /* MapKit.swift in Sources */ = {isa = PBXBuildFile; fileRef = 2204623220472FDF0067D9FB /* MapKit.swift */; };
		22046243204730780067D9FB /* SwipeGestureRecognizer.swift in Sources */ = {isa = PBXBuildFile; fileRef = 2204623D204730780067D9FB /* SwipeGestureRecognizer.swift */; };
		22046244204730780067D9FB /* PanGestureRecognizer.swift in Sources */ = {isa = PBXBuildFile; fileRef = 2204623E204730780067D9FB /* PanGestureRecognizer.swift */; };
		22046245204730780067D9FB /* RotateGestureRecognizer.swift in Sources */ = {isa = PBXBuildFile; fileRef = 2204623F204730780067D9FB /* RotateGestureRecognizer.swift */; };
		22046246204730780067D9FB /* GestureRecognizer.swift in Sources */ = {isa = PBXBuildFile; fileRef = 22046240204730780067D9FB /* GestureRecognizer.swift */; };
		22046247204730780067D9FB /* PinchGestureRecognizer.swift in Sources */ = {isa = PBXBuildFile; fileRef = 22046241204730780067D9FB /* PinchGestureRecognizer.swift */; };
		22046248204730780067D9FB /* TapGestureRecognizer.swift in Sources */ = {isa = PBXBuildFile; fileRef = 22046242204730780067D9FB /* TapGestureRecognizer.swift */; };
		22046254204730C70067D9FB /* Touch.swift in Sources */ = {isa = PBXBuildFile; fileRef = 22046249204730C60067D9FB /* Touch.swift */; };
		22046259204730C70067D9FB /* School.swift in Sources */ = {isa = PBXBuildFile; fileRef = 2204624E204730C70067D9FB /* School.swift */; };
		2204625D204730C70067D9FB /* TouchProperties.swift in Sources */ = {isa = PBXBuildFile; fileRef = 22046252204730C70067D9FB /* TouchProperties.swift */; };
		2222B13C20D9866900ECCB5D /* SettingsNotifications.swift in Sources */ = {isa = PBXBuildFile; fileRef = 2222B13B20D9866900ECCB5D /* SettingsNotifications.swift */; };
		2222C7BF20DC020200B76D12 /* RelatedItemListView.xib in Resources */ = {isa = PBXBuildFile; fileRef = 2204620C20472DE80067D9FB /* RelatedItemListView.xib */; };
		2222C7C320DC028000B76D12 /* RecordCollectionViewController.swift in Sources */ = {isa = PBXBuildFile; fileRef = 2222C7C120DC028000B76D12 /* RecordCollectionViewController.swift */; };
		2222C7C620DC028D00B76D12 /* Collection.storyboard in Resources */ = {isa = PBXBuildFile; fileRef = 2222C7C520DC028D00B76D12 /* Collection.storyboard */; };
		2224125E206BFE9F008E7A9D /* RecordType.swift in Sources */ = {isa = PBXBuildFile; fileRef = 2224125D206BFE9F008E7A9D /* RecordType.swift */; };
		222A94EB20D9D50A00B4AE4E /* MenuManager.swift in Sources */ = {isa = PBXBuildFile; fileRef = 222A94EA20D9D50A00B4AE4E /* MenuManager.swift */; };
		222D1BC0214B198B007417B8 /* RecordCollection.swift in Sources */ = {isa = PBXBuildFile; fileRef = 222D1BBF214B198B007417B8 /* RecordCollection.swift */; };
		222D1BC4214C8505007417B8 /* RecordManager.swift in Sources */ = {isa = PBXBuildFile; fileRef = 222D1BC3214C8505007417B8 /* RecordManager.swift */; };
		222EA54020DC14F400DB16CA /* RecordCollectionItemView.swift in Sources */ = {isa = PBXBuildFile; fileRef = 222EA53E20DC14F400DB16CA /* RecordCollectionItemView.swift */; };
		222EA54120DC14F400DB16CA /* RecordCollectionItemView.xib in Resources */ = {isa = PBXBuildFile; fileRef = 222EA53F20DC14F400DB16CA /* RecordCollectionItemView.xib */; };
		223613E720509D920024145C /* LastTwo.swift in Sources */ = {isa = PBXBuildFile; fileRef = 223613E620509D920024145C /* LastTwo.swift */; };
		2236F7602151EC2D00AD8148 /* IndicatorViewController.swift in Sources */ = {isa = PBXBuildFile; fileRef = 2236F75E2151EC2D00AD8148 /* IndicatorViewController.swift */; };
		2236F7632151EC4A00AD8148 /* Indicator.storyboard in Resources */ = {isa = PBXBuildFile; fileRef = 2236F7622151EC4A00AD8148 /* Indicator.storyboard */; };
		2243C7DD2093A10F00CE2CA0 /* ApplicationType.swift in Sources */ = {isa = PBXBuildFile; fileRef = 2243C7DC2093A10F00CE2CA0 /* ApplicationType.swift */; };
		2247670020562F65003E8790 /* MediaItemView.swift in Sources */ = {isa = PBXBuildFile; fileRef = 224766FE20562F65003E8790 /* MediaItemView.swift */; };
		2247670120562F65003E8790 /* MediaItemView.xib in Resources */ = {isa = PBXBuildFile; fileRef = 224766FF20562F65003E8790 /* MediaItemView.xib */; };
		224D9A6B207606E30041F1C6 /* VolumeLevel.swift in Sources */ = {isa = PBXBuildFile; fileRef = 224D9A6A207606E30041F1C6 /* VolumeLevel.swift */; };
		2256D293208FEF5D009DEADE /* RecordTypeSelectionView.swift in Sources */ = {isa = PBXBuildFile; fileRef = 2256D292208FEF5D009DEADE /* RecordTypeSelectionView.swift */; };
		2256D2992090CF3B009DEADE /* NSView.swift in Sources */ = {isa = PBXBuildFile; fileRef = 2256D2982090CF3B009DEADE /* NSView.swift */; };
		225FBBA1208E89BA00B2CD3E /* MasterViewController.swift in Sources */ = {isa = PBXBuildFile; fileRef = 225FBBA0208E89BA00B2CD3E /* MasterViewController.swift */; };
		225FBBA3208E89C200B2CD3E /* Master.storyboard in Resources */ = {isa = PBXBuildFile; fileRef = 225FBBA2208E89C200B2CD3E /* Master.storyboard */; };
		225FBBA5208EAF9400B2CD3E /* ControlAction.swift in Sources */ = {isa = PBXBuildFile; fileRef = 225FBBA4208EAF9400B2CD3E /* ControlAction.swift */; };
		226A4526214F343800860F0E /* TouchScreen.swift in Sources */ = {isa = PBXBuildFile; fileRef = 226A4525214F343800860F0E /* TouchScreen.swift */; };
		226A45292150230200860F0E /* InfoCollectionItemView.swift in Sources */ = {isa = PBXBuildFile; fileRef = 226A45272150230200860F0E /* InfoCollectionItemView.swift */; };
		226A452A2150230200860F0E /* InfoCollectionItemView.xib in Resources */ = {isa = PBXBuildFile; fileRef = 226A45282150230200860F0E /* InfoCollectionItemView.xib */; };
		226D0582204FC38700D74711 /* Event.swift in Sources */ = {isa = PBXBuildFile; fileRef = 226D0581204FC38600D74711 /* Event.swift */; };
		226D0587204FC78100D74711 /* CachingNetwork.swift in Sources */ = {isa = PBXBuildFile; fileRef = 226D0586204FC78100D74711 /* CachingNetwork.swift */; };
		226D0589204FC7BC00D74711 /* ResponseHandler.swift in Sources */ = {isa = PBXBuildFile; fileRef = 226D0588204FC7BC00D74711 /* ResponseHandler.swift */; };
		2276AE65204E7150001FAD8B /* BorderlessWindow.swift in Sources */ = {isa = PBXBuildFile; fileRef = 2276AE64204E7150001FAD8B /* BorderlessWindow.swift */; };
		227B5E11205611BB00F403B3 /* Style.swift in Sources */ = {isa = PBXBuildFile; fileRef = 227B5E10205611BB00F403B3 /* Style.swift */; };
		2290A04220E4196E00F028C4 /* TimelineNotifications.swift in Sources */ = {isa = PBXBuildFile; fileRef = 2290A04120E4196E00F028C4 /* TimelineNotifications.swift */; };
		22914F752049001B0000D4E1 /* TouchManager.swift in Sources */ = {isa = PBXBuildFile; fileRef = 22914F742049001B0000D4E1 /* TouchManager.swift */; };
		22914F77204905230000D4E1 /* NSApplication.swift in Sources */ = {isa = PBXBuildFile; fileRef = 22914F76204905230000D4E1 /* NSApplication.swift */; };
		22927912208E531C005E2036 /* BackgroundTimer.swift in Sources */ = {isa = PBXBuildFile; fileRef = 22927911208E531C005E2036 /* BackgroundTimer.swift */; };
		22A4985E204733770024B46C /* WindowManager.swift in Sources */ = {isa = PBXBuildFile; fileRef = 22A4985D204733770024B46C /* WindowManager.swift */; };
		22A498612047349C0024B46C /* RecordNotifications.swift in Sources */ = {isa = PBXBuildFile; fileRef = 22A498602047349C0024B46C /* RecordNotifications.swift */; };
		22A498752047499B0024B46C /* JSON.swift in Sources */ = {isa = PBXBuildFile; fileRef = 22A498742047499B0024B46C /* JSON.swift */; };
		22A49878204749C30024B46C /* TouchState.swift in Sources */ = {isa = PBXBuildFile; fileRef = 22A49877204749C30024B46C /* TouchState.swift */; };
		22A6D96B209D2936009957BB /* BaseViewController.swift in Sources */ = {isa = PBXBuildFile; fileRef = 22A6D96A209D2936009957BB /* BaseViewController.swift */; };
		22A76FE620464764006C0AE7 /* PDFViewController.swift in Sources */ = {isa = PBXBuildFile; fileRef = 22A76FE420464764006C0AE7 /* PDFViewController.swift */; };
		22A76FE720464764006C0AE7 /* PDF.storyboard in Resources */ = {isa = PBXBuildFile; fileRef = 22A76FE520464764006C0AE7 /* PDF.storyboard */; };
		22A76FEB2046477A006C0AE7 /* Player.storyboard in Resources */ = {isa = PBXBuildFile; fileRef = 22A76FE92046477A006C0AE7 /* Player.storyboard */; };
		22A76FEC2046477A006C0AE7 /* PlayerViewController.swift in Sources */ = {isa = PBXBuildFile; fileRef = 22A76FEA2046477A006C0AE7 /* PlayerViewController.swift */; };
		22A923212044AF05003EA9BB /* AppDelegate.swift in Sources */ = {isa = PBXBuildFile; fileRef = 22A923202044AF05003EA9BB /* AppDelegate.swift */; };
		22A923252044AF05003EA9BB /* Assets.xcassets in Resources */ = {isa = PBXBuildFile; fileRef = 22A923242044AF05003EA9BB /* Assets.xcassets */; };
		22AE5D2520D2DB3200D5FB9C /* ConnectionManager.swift in Sources */ = {isa = PBXBuildFile; fileRef = 22AE5D2420D2DB3200D5FB9C /* ConnectionManager.swift */; };
		22AEAF0420B67E6700DD184B /* Math.swift in Sources */ = {isa = PBXBuildFile; fileRef = 22AEAF0320B67E6700DD184B /* Math.swift */; };
		22B1E2CD204638B900BDDF14 /* GestureManager.swift in Sources */ = {isa = PBXBuildFile; fileRef = 22B1E2CC204638B900BDDF14 /* GestureManager.swift */; };
		22B1E2CF204638CA00BDDF14 /* GestureHandler.swift in Sources */ = {isa = PBXBuildFile; fileRef = 22B1E2CE204638CA00BDDF14 /* GestureHandler.swift */; };
		22B85AFD209B7ADF0099F44E /* Main.storyboard in Resources */ = {isa = PBXBuildFile; fileRef = 22B85AFB209B7ADF0099F44E /* Main.storyboard */; };
		22B85B01209CF0FA0099F44E /* SearchViewController.swift in Sources */ = {isa = PBXBuildFile; fileRef = 22B85B00209CF0FA0099F44E /* SearchViewController.swift */; };
		22B85B03209CF1040099F44E /* Search.storyboard in Resources */ = {isa = PBXBuildFile; fileRef = 22B85B02209CF1040099F44E /* Search.storyboard */; };
		22B85B07209CF5200099F44E /* SearchItemView.swift in Sources */ = {isa = PBXBuildFile; fileRef = 22B85B05209CF5200099F44E /* SearchItemView.swift */; };
		22B85B08209CF5200099F44E /* SearchItemView.xib in Resources */ = {isa = PBXBuildFile; fileRef = 22B85B06209CF5200099F44E /* SearchItemView.xib */; };
		22CFCF62214875CD00EBD1A6 /* MenuButtonLeft.xib in Resources */ = {isa = PBXBuildFile; fileRef = 22CFCF61214875CD00EBD1A6 /* MenuButtonLeft.xib */; };
		22CFCF642148A4AD00EBD1A6 /* info_content.plist in Resources */ = {isa = PBXBuildFile; fileRef = 22CFCF632148A4AD00EBD1A6 /* info_content.plist */; };
		22CFCF662149A1A100EBD1A6 /* MenuSide.swift in Sources */ = {isa = PBXBuildFile; fileRef = 22CFCF652149A1A100EBD1A6 /* MenuSide.swift */; };
		22F309BC20A2220C00BA5456 /* Province.swift in Sources */ = {isa = PBXBuildFile; fileRef = 22F309BB20A2220C00BA5456 /* Province.swift */; };
		22F309BF20A224A000BA5456 /* LetterGroup.swift in Sources */ = {isa = PBXBuildFile; fileRef = 22F309BE20A224A000BA5456 /* LetterGroup.swift */; };
		22F3EBAA21533A3500FCFF6B /* ApplicationState.swift in Sources */ = {isa = PBXBuildFile; fileRef = 22F3EBA921533A3500FCFF6B /* ApplicationState.swift */; };
		3F09025F2048E0E70044F100 /* Organization.swift in Sources */ = {isa = PBXBuildFile; fileRef = 3F09025E2048E0E70044F100 /* Organization.swift */; };
		3F0902612049C6B10044F100 /* Theme.swift in Sources */ = {isa = PBXBuildFile; fileRef = 3F0902602049C6B10044F100 /* Theme.swift */; };
		3F2FAB5B204F7D24002EDF5D /* Artifact.swift in Sources */ = {isa = PBXBuildFile; fileRef = 3F2FAB5A204F7D24002EDF5D /* Artifact.swift */; };
		3F47D52F206420C6001E86E3 /* FlippedClipView.swift in Sources */ = {isa = PBXBuildFile; fileRef = 3F47D52E206420C6001E86E3 /* FlippedClipView.swift */; };
		618F0C292069F8F000762C20 /* AKPlayer.swift in Sources */ = {isa = PBXBuildFile; fileRef = 618F0C282069F8F000762C20 /* AKPlayer.swift */; };
		618F0C2F2069F98900762C20 /* MultiChannelPanner.swift in Sources */ = {isa = PBXBuildFile; fileRef = 618F0C2B2069F98900762C20 /* MultiChannelPanner.swift */; };
		618F0C322069FFD600762C20 /* AudioController.swift in Sources */ = {isa = PBXBuildFile; fileRef = 618F0C312069FFD600762C20 /* AudioController.swift */; };
		618F0C33206A058900762C20 /* MultiChannelPanAudioUnit.mm in Sources */ = {isa = PBXBuildFile; fileRef = 61767FD0206883A900970640 /* MultiChannelPanAudioUnit.mm */; };
		618F0C35206A08CE00762C20 /* AudioComponentDescription.swift in Sources */ = {isa = PBXBuildFile; fileRef = 618F0C34206A08CE00762C20 /* AudioComponentDescription.swift */; };
		618F0C37206A113B00762C20 /* Accelerate.framework in Frameworks */ = {isa = PBXBuildFile; fileRef = 618F0C36206A113B00762C20 /* Accelerate.framework */; };
		618F0C38206A114100762C20 /* AVFoundation.framework in Frameworks */ = {isa = PBXBuildFile; fileRef = 61767FF620688A0200970640 /* AVFoundation.framework */; };
		8E4010A020487B8D00E81AAA /* WindowFactory.swift in Sources */ = {isa = PBXBuildFile; fileRef = 8E40109F20487B8D00E81AAA /* WindowFactory.swift */; };
		8E4010A220487E0300E81AAA /* Collection.swift in Sources */ = {isa = PBXBuildFile; fileRef = 8E4010A120487E0300E81AAA /* Collection.swift */; };
		8F2B188F20AA321700C5E0FA /* RelatedItemViewLayout.swift in Sources */ = {isa = PBXBuildFile; fileRef = 8F2B188E20AA321700C5E0FA /* RelatedItemViewLayout.swift */; };
		8F6EFD7D2098FF0800E4D97D /* FadingScrollView.swift in Sources */ = {isa = PBXBuildFile; fileRef = 8F6EFD7C2098FF0800E4D97D /* FadingScrollView.swift */; };
		8F8DE18F20A3C48C006FA48B /* RelatedItemImageView.swift in Sources */ = {isa = PBXBuildFile; fileRef = 8F8DE18D20A3C48C006FA48B /* RelatedItemImageView.swift */; };
		8F8DE19020A3C48C006FA48B /* RelatedItemImageView.xib in Resources */ = {isa = PBXBuildFile; fileRef = 8F8DE18E20A3C48C006FA48B /* RelatedItemImageView.xib */; };
		8F8DE19220A3EDFD006FA48B /* RelatedItemView.swift in Sources */ = {isa = PBXBuildFile; fileRef = 8F8DE19120A3EDFD006FA48B /* RelatedItemView.swift */; };
		8FA62A08206BFAFC004E6092 /* RecordInfo.swift in Sources */ = {isa = PBXBuildFile; fileRef = 8FA62A07206BFAFC004E6092 /* RecordInfo.swift */; };
		8FE6467B2060553100E6116A /* RegularScrollView.swift in Sources */ = {isa = PBXBuildFile; fileRef = 8FE6467A2060553100E6116A /* RegularScrollView.swift */; };
		8FEABDA12064702600612C84 /* MediaViewController.swift in Sources */ = {isa = PBXBuildFile; fileRef = 8FEABD9F2064702600612C84 /* MediaViewController.swift */; };
		A407160E20AB94B800B54593 /* PriorityOrder.swift in Sources */ = {isa = PBXBuildFile; fileRef = A407160D20AB94B800B54593 /* PriorityOrder.swift */; };
		A407161220ABAE5C00B54593 /* RelationshipHelper.swift in Sources */ = {isa = PBXBuildFile; fileRef = A407161120ABAE5B00B54593 /* RelationshipHelper.swift */; };
		A44A4776213729DA000DFF90 /* InfoItemView.xib in Resources */ = {isa = PBXBuildFile; fileRef = A44A4775213729DA000DFF90 /* InfoItemView.xib */; };
		A44A477A213777B8000DFF90 /* String.swift in Sources */ = {isa = PBXBuildFile; fileRef = A44A4779213777B8000DFF90 /* String.swift */; };
		A44A56F52136186600F73D55 /* InfoViewController.swift in Sources */ = {isa = PBXBuildFile; fileRef = A44A56F42136186600F73D55 /* InfoViewController.swift */; };
		A44A56F72136188600F73D55 /* Info.storyboard in Resources */ = {isa = PBXBuildFile; fileRef = A44A56F62136188600F73D55 /* Info.storyboard */; };
		A44A56FB2136342000F73D55 /* InfoItemView.swift in Sources */ = {isa = PBXBuildFile; fileRef = A44A56FA2136342000F73D55 /* InfoItemView.swift */; };
		A44DB17D21386FED00D45A01 /* InfoItem.swift in Sources */ = {isa = PBXBuildFile; fileRef = A44DB17C21386FED00D45A01 /* InfoItem.swift */; };
		A4540D16211B62FC00D50395 /* NSCollectionView.swift in Sources */ = {isa = PBXBuildFile; fileRef = A4540D15211B62FC00D50395 /* NSCollectionView.swift */; };
		A4551B6420DC38D100D8C029 /* MenuButton.swift in Sources */ = {isa = PBXBuildFile; fileRef = A4551B6320DC38D100D8C029 /* MenuButton.swift */; };
		A4551B6620DC71D000D8C029 /* MenuButtonRight.xib in Resources */ = {isa = PBXBuildFile; fileRef = A4551B6520DC71D000D8C029 /* MenuButtonRight.xib */; };
		A456618020D9CDC400D23333 /* BorderControl.swift in Sources */ = {isa = PBXBuildFile; fileRef = A456617F20D9CDC400D23333 /* BorderControl.swift */; };
		A456618320D9D42D00D23333 /* BorderViewController.swift in Sources */ = {isa = PBXBuildFile; fileRef = A456618220D9D42D00D23333 /* BorderViewController.swift */; };
		A456618520D9D43B00D23333 /* Border.storyboard in Resources */ = {isa = PBXBuildFile; fileRef = A456618420D9D43B00D23333 /* Border.storyboard */; };
		A456CE9820D0A39E0036F020 /* SettingTypes.swift in Sources */ = {isa = PBXBuildFile; fileRef = A456CE9720D0A39E0036F020 /* SettingTypes.swift */; };
		A456F6C020C73826004534A4 /* SettingsViewController.swift in Sources */ = {isa = PBXBuildFile; fileRef = A456F6BF20C73826004534A4 /* SettingsViewController.swift */; };
		A456F6C220C73836004534A4 /* Settings.storyboard in Resources */ = {isa = PBXBuildFile; fileRef = A456F6C120C73836004534A4 /* Settings.storyboard */; };
		A457D19820C9A42900D21ABA /* SwitchControl.swift in Sources */ = {isa = PBXBuildFile; fileRef = A457D19720C9A42900D21ABA /* SwitchControl.swift */; };
		A460292920B4C689000F902E /* Menu.storyboard in Resources */ = {isa = PBXBuildFile; fileRef = A460292820B4C689000F902E /* Menu.storyboard */; };
		A460292B20B4C6A0000F902E /* MenuViewController.swift in Sources */ = {isa = PBXBuildFile; fileRef = A460292A20B4C6A0000F902E /* MenuViewController.swift */; };
		A4694B66209CEC18006A407F /* RecordFilterType.swift in Sources */ = {isa = PBXBuildFile; fileRef = A4694B65209CEC18006A407F /* RecordFilterType.swift */; };
		A479488020B89ACC00091CEC /* MenuButtonType.swift in Sources */ = {isa = PBXBuildFile; fileRef = A479487F20B89ACC00091CEC /* MenuButtonType.swift */; };
		A47C67E420CB07CB00C361D1 /* MapNotifications.swift in Sources */ = {isa = PBXBuildFile; fileRef = A47C67E320CB07CB00C361D1 /* MapNotifications.swift */; };
		C6DB17689F287C9826286DF2 /* Pods_All_WindowExplorer.framework in Frameworks */ = {isa = PBXBuildFile; fileRef = A266EC238466BB27099C451B /* Pods_All_WindowExplorer.framework */; };
		CD096C8A20A3AD7F00C8A732 /* GeocodeHelper.swift in Sources */ = {isa = PBXBuildFile; fileRef = CD096C8920A3AD7F00C8A732 /* GeocodeHelper.swift */; };
		CD7B3CD120ADFB1400723BDB /* ZoomControl.xib in Resources */ = {isa = PBXBuildFile; fileRef = CD7B3CD020ADFB1400723BDB /* ZoomControl.xib */; };
		CD7B3CD320ADFB2500723BDB /* ZoomControl.swift in Sources */ = {isa = PBXBuildFile; fileRef = CD7B3CD220ADFB2500723BDB /* ZoomControl.swift */; };
		D507D33B2072FD2B0003CEA7 /* ColoredSliderCell.swift in Sources */ = {isa = PBXBuildFile; fileRef = D507D33A2072FD2B0003CEA7 /* ColoredSliderCell.swift */; };
		D5384CF52071A74300A157AE /* PDFTableViewItem.swift in Sources */ = {isa = PBXBuildFile; fileRef = D5384CF42071A74300A157AE /* PDFTableViewItem.swift */; };
		D5384CF72071A7FD00A157AE /* PDFTableViewItem.xib in Resources */ = {isa = PBXBuildFile; fileRef = D5384CF62071A7FD00A157AE /* PDFTableViewItem.xib */; };
		D901EBED2056EEFE00BBFCF2 /* Record.swift in Sources */ = {isa = PBXBuildFile; fileRef = D901EBEC2056EEFE00BBFCF2 /* Record.swift */; };
		D901EBF02057490400BBFCF2 /* RegularTableView.swift in Sources */ = {isa = PBXBuildFile; fileRef = D901EBEF2057490400BBFCF2 /* RegularTableView.swift */; };
		D92E0EFE20604BDB00C1C9A7 /* PageControl.swift in Sources */ = {isa = PBXBuildFile; fileRef = D92E0EFD20604BDB00C1C9A7 /* PageControl.swift */; };
		D92E0F00206052C900C1C9A7 /* ArrowControl.swift in Sources */ = {isa = PBXBuildFile; fileRef = D92E0EFF206052C900C1C9A7 /* ArrowControl.swift */; };
		D992E20A20533A3A00EAB698 /* RecordViewController.swift in Sources */ = {isa = PBXBuildFile; fileRef = D992E20820533A3A00EAB698 /* RecordViewController.swift */; };
		D992E20D20533A6200EAB698 /* Record.storyboard in Resources */ = {isa = PBXBuildFile; fileRef = D992E20C20533A6200EAB698 /* Record.storyboard */; };
		D9F24E5B2059DD1900B9FCB8 /* RecordNetwork.swift in Sources */ = {isa = PBXBuildFile; fileRef = D9F24E5A2059DD1900B9FCB8 /* RecordNetwork.swift */; };
		D9F24E5D205AFE2900B9FCB8 /* Media.swift in Sources */ = {isa = PBXBuildFile; fileRef = D9F24E5C205AFE2900B9FCB8 /* Media.swift */; };
		D9F24E5F205B01A000B9FCB8 /* WindowType.swift in Sources */ = {isa = PBXBuildFile; fileRef = D9F24E5E205B01A000B9FCB8 /* WindowType.swift */; };
		D9F24E62205B040700B9FCB8 /* ImageViewController.swift in Sources */ = {isa = PBXBuildFile; fileRef = D9F24E61205B040700B9FCB8 /* ImageViewController.swift */; };
		D9F24E64205B041200B9FCB8 /* Image.storyboard in Resources */ = {isa = PBXBuildFile; fileRef = D9F24E63205B041200B9FCB8 /* Image.storyboard */; };
/* End PBXBuildFile section */

/* Begin PBXCopyFilesBuildPhase section */
		22A9234F2044B09D003EA9BB /* Embed XPC Services */ = {
			isa = PBXCopyFilesBuildPhase;
			buildActionMask = 2147483647;
			dstPath = "$(CONTENTS_FOLDER_PATH)/XPCServices";
			dstSubfolderSpec = 16;
			files = (
			);
			name = "Embed XPC Services";
			runOnlyForDeploymentPostprocessing = 0;
		};
/* End PBXCopyFilesBuildPhase section */

/* Begin PBXFileReference section */
		1F910717206C2973008F9513 /* ImageView.swift */ = {isa = PBXFileReference; lastKnownFileType = sourcecode.swift; path = ImageView.swift; sourceTree = "<group>"; };
		1FAFF00C206EDD92005DC68B /* Soleil-03.otf */ = {isa = PBXFileReference; lastKnownFileType = file; path = "Soleil-03.otf"; sourceTree = "<group>"; };
		1FAFF00D206EDD92005DC68B /* Soleil-05.otf */ = {isa = PBXFileReference; lastKnownFileType = file; path = "Soleil-05.otf"; sourceTree = "<group>"; };
		1FAFF00E206EDD92005DC68B /* Soleil-00.otf */ = {isa = PBXFileReference; lastKnownFileType = file; path = "Soleil-00.otf"; sourceTree = "<group>"; };
		1FAFF00F206EDD92005DC68B /* Soleil-04.otf */ = {isa = PBXFileReference; lastKnownFileType = file; path = "Soleil-04.otf"; sourceTree = "<group>"; };
		1FAFF010206EDD93005DC68B /* Soleil-09.otf */ = {isa = PBXFileReference; lastKnownFileType = file; path = "Soleil-09.otf"; sourceTree = "<group>"; };
		1FAFF011206EDD93005DC68B /* Soleil-10.otf */ = {isa = PBXFileReference; lastKnownFileType = file; path = "Soleil-10.otf"; sourceTree = "<group>"; };
		1FAFF012206EDD93005DC68B /* Soleil-11.otf */ = {isa = PBXFileReference; lastKnownFileType = file; path = "Soleil-11.otf"; sourceTree = "<group>"; };
		1FAFF013206EDD93005DC68B /* Soleil-08.otf */ = {isa = PBXFileReference; lastKnownFileType = file; path = "Soleil-08.otf"; sourceTree = "<group>"; };
		1FAFF014206EDD93005DC68B /* Soleil-01.otf */ = {isa = PBXFileReference; lastKnownFileType = file; path = "Soleil-01.otf"; sourceTree = "<group>"; };
		1FAFF015206EDD93005DC68B /* Soleil-07.otf */ = {isa = PBXFileReference; lastKnownFileType = file; path = "Soleil-07.otf"; sourceTree = "<group>"; };
		1FAFF016206EDD93005DC68B /* Soleil-02.otf */ = {isa = PBXFileReference; lastKnownFileType = file; path = "Soleil-02.otf"; sourceTree = "<group>"; };
		1FAFF017206EDD93005DC68B /* Soleil-06.otf */ = {isa = PBXFileReference; lastKnownFileType = file; path = "Soleil-06.otf"; sourceTree = "<group>"; };
		22004FE320DD7A7F00B1E740 /* SettingsManager.swift */ = {isa = PBXFileReference; lastKnownFileType = sourcecode.swift; path = SettingsManager.swift; sourceTree = "<group>"; };
		22004FE520DD7DE700B1E740 /* Settings.swift */ = {isa = PBXFileReference; lastKnownFileType = sourcecode.swift; path = Settings.swift; sourceTree = "<group>"; };
		2204620A20472DE80067D9FB /* RelatedItemListView.swift */ = {isa = PBXFileReference; fileEncoding = 4; lastKnownFileType = sourcecode.swift; path = RelatedItemListView.swift; sourceTree = "<group>"; };
		2204620C20472DE80067D9FB /* RelatedItemListView.xib */ = {isa = PBXFileReference; fileEncoding = 4; lastKnownFileType = file.xib; path = RelatedItemListView.xib; sourceTree = "<group>"; };
		2204621420472F2D0067D9FB /* PlayerControl.xib */ = {isa = PBXFileReference; fileEncoding = 4; lastKnownFileType = file.xib; path = PlayerControl.xib; sourceTree = "<group>"; };
		2204621520472F2D0067D9FB /* PlayerState.swift */ = {isa = PBXFileReference; fileEncoding = 4; lastKnownFileType = sourcecode.swift; path = PlayerState.swift; sourceTree = "<group>"; };
		2204621620472F2D0067D9FB /* PlayerControl.swift */ = {isa = PBXFileReference; fileEncoding = 4; lastKnownFileType = sourcecode.swift; path = PlayerControl.swift; sourceTree = "<group>"; };
		2204622B20472FDF0067D9FB /* CoreGraphics.swift */ = {isa = PBXFileReference; fileEncoding = 4; lastKnownFileType = sourcecode.swift; path = CoreGraphics.swift; sourceTree = "<group>"; };
		2204622C20472FDF0067D9FB /* NSImage.swift */ = {isa = PBXFileReference; fileEncoding = 4; lastKnownFileType = sourcecode.swift; path = NSImage.swift; sourceTree = "<group>"; };
		2204622D20472FDF0067D9FB /* Int.swift */ = {isa = PBXFileReference; fileEncoding = 4; lastKnownFileType = sourcecode.swift; path = Int.swift; sourceTree = "<group>"; };
		2204622E20472FDF0067D9FB /* AVKit.swift */ = {isa = PBXFileReference; fileEncoding = 4; lastKnownFileType = sourcecode.swift; path = AVKit.swift; sourceTree = "<group>"; };
		2204622F20472FDF0067D9FB /* PacketType.swift */ = {isa = PBXFileReference; fileEncoding = 4; lastKnownFileType = sourcecode.swift; path = PacketType.swift; sourceTree = "<group>"; };
		2204623020472FDF0067D9FB /* URL.swift */ = {isa = PBXFileReference; fileEncoding = 4; lastKnownFileType = sourcecode.swift; path = URL.swift; sourceTree = "<group>"; };
		2204623120472FDF0067D9FB /* NetworkConfiguration.swift */ = {isa = PBXFileReference; fileEncoding = 4; lastKnownFileType = sourcecode.swift; path = NetworkConfiguration.swift; sourceTree = "<group>"; };
		2204623220472FDF0067D9FB /* MapKit.swift */ = {isa = PBXFileReference; fileEncoding = 4; lastKnownFileType = sourcecode.swift; path = MapKit.swift; sourceTree = "<group>"; };
		2204623D204730780067D9FB /* SwipeGestureRecognizer.swift */ = {isa = PBXFileReference; fileEncoding = 4; lastKnownFileType = sourcecode.swift; path = SwipeGestureRecognizer.swift; sourceTree = "<group>"; };
		2204623E204730780067D9FB /* PanGestureRecognizer.swift */ = {isa = PBXFileReference; fileEncoding = 4; lastKnownFileType = sourcecode.swift; path = PanGestureRecognizer.swift; sourceTree = "<group>"; };
		2204623F204730780067D9FB /* RotateGestureRecognizer.swift */ = {isa = PBXFileReference; fileEncoding = 4; lastKnownFileType = sourcecode.swift; path = RotateGestureRecognizer.swift; sourceTree = "<group>"; };
		22046240204730780067D9FB /* GestureRecognizer.swift */ = {isa = PBXFileReference; fileEncoding = 4; lastKnownFileType = sourcecode.swift; path = GestureRecognizer.swift; sourceTree = "<group>"; };
		22046241204730780067D9FB /* PinchGestureRecognizer.swift */ = {isa = PBXFileReference; fileEncoding = 4; lastKnownFileType = sourcecode.swift; path = PinchGestureRecognizer.swift; sourceTree = "<group>"; };
		22046242204730780067D9FB /* TapGestureRecognizer.swift */ = {isa = PBXFileReference; fileEncoding = 4; lastKnownFileType = sourcecode.swift; path = TapGestureRecognizer.swift; sourceTree = "<group>"; };
		22046249204730C60067D9FB /* Touch.swift */ = {isa = PBXFileReference; fileEncoding = 4; lastKnownFileType = sourcecode.swift; path = Touch.swift; sourceTree = "<group>"; };
		2204624E204730C70067D9FB /* School.swift */ = {isa = PBXFileReference; fileEncoding = 4; lastKnownFileType = sourcecode.swift; path = School.swift; sourceTree = "<group>"; };
		22046252204730C70067D9FB /* TouchProperties.swift */ = {isa = PBXFileReference; fileEncoding = 4; lastKnownFileType = sourcecode.swift; path = TouchProperties.swift; sourceTree = "<group>"; };
		2222B13B20D9866900ECCB5D /* SettingsNotifications.swift */ = {isa = PBXFileReference; lastKnownFileType = sourcecode.swift; path = SettingsNotifications.swift; sourceTree = "<group>"; };
		2222C7C120DC028000B76D12 /* RecordCollectionViewController.swift */ = {isa = PBXFileReference; lastKnownFileType = sourcecode.swift; path = RecordCollectionViewController.swift; sourceTree = "<group>"; };
		2222C7C520DC028D00B76D12 /* Collection.storyboard */ = {isa = PBXFileReference; lastKnownFileType = file.storyboard; path = Collection.storyboard; sourceTree = "<group>"; };
		2224125D206BFE9F008E7A9D /* RecordType.swift */ = {isa = PBXFileReference; lastKnownFileType = sourcecode.swift; path = RecordType.swift; sourceTree = "<group>"; };
		222A94EA20D9D50A00B4AE4E /* MenuManager.swift */ = {isa = PBXFileReference; lastKnownFileType = sourcecode.swift; path = MenuManager.swift; sourceTree = "<group>"; };
		222D1BBF214B198B007417B8 /* RecordCollection.swift */ = {isa = PBXFileReference; lastKnownFileType = sourcecode.swift; path = RecordCollection.swift; sourceTree = "<group>"; };
		222D1BC3214C8505007417B8 /* RecordManager.swift */ = {isa = PBXFileReference; lastKnownFileType = sourcecode.swift; path = RecordManager.swift; sourceTree = "<group>"; };
		222EA53E20DC14F400DB16CA /* RecordCollectionItemView.swift */ = {isa = PBXFileReference; lastKnownFileType = sourcecode.swift; path = RecordCollectionItemView.swift; sourceTree = "<group>"; };
		222EA53F20DC14F400DB16CA /* RecordCollectionItemView.xib */ = {isa = PBXFileReference; lastKnownFileType = file.xib; path = RecordCollectionItemView.xib; sourceTree = "<group>"; };
		223613E620509D920024145C /* LastTwo.swift */ = {isa = PBXFileReference; lastKnownFileType = sourcecode.swift; path = LastTwo.swift; sourceTree = "<group>"; };
		2236F75E2151EC2D00AD8148 /* IndicatorViewController.swift */ = {isa = PBXFileReference; lastKnownFileType = sourcecode.swift; path = IndicatorViewController.swift; sourceTree = "<group>"; };
		2236F7622151EC4A00AD8148 /* Indicator.storyboard */ = {isa = PBXFileReference; lastKnownFileType = file.storyboard; path = Indicator.storyboard; sourceTree = "<group>"; };
		2243C7DC2093A10F00CE2CA0 /* ApplicationType.swift */ = {isa = PBXFileReference; lastKnownFileType = sourcecode.swift; path = ApplicationType.swift; sourceTree = "<group>"; };
		224766FE20562F65003E8790 /* MediaItemView.swift */ = {isa = PBXFileReference; lastKnownFileType = sourcecode.swift; path = MediaItemView.swift; sourceTree = "<group>"; };
		224766FF20562F65003E8790 /* MediaItemView.xib */ = {isa = PBXFileReference; lastKnownFileType = file.xib; path = MediaItemView.xib; sourceTree = "<group>"; };
		224D9A6A207606E30041F1C6 /* VolumeLevel.swift */ = {isa = PBXFileReference; lastKnownFileType = sourcecode.swift; path = VolumeLevel.swift; sourceTree = "<group>"; };
		2256D292208FEF5D009DEADE /* RecordTypeSelectionView.swift */ = {isa = PBXFileReference; lastKnownFileType = sourcecode.swift; path = RecordTypeSelectionView.swift; sourceTree = "<group>"; };
		2256D2982090CF3B009DEADE /* NSView.swift */ = {isa = PBXFileReference; lastKnownFileType = sourcecode.swift; path = NSView.swift; sourceTree = "<group>"; };
		225FBBA0208E89BA00B2CD3E /* MasterViewController.swift */ = {isa = PBXFileReference; lastKnownFileType = sourcecode.swift; path = MasterViewController.swift; sourceTree = "<group>"; };
		225FBBA2208E89C200B2CD3E /* Master.storyboard */ = {isa = PBXFileReference; lastKnownFileType = file.storyboard; path = Master.storyboard; sourceTree = "<group>"; };
		225FBBA4208EAF9400B2CD3E /* ControlAction.swift */ = {isa = PBXFileReference; lastKnownFileType = sourcecode.swift; path = ControlAction.swift; sourceTree = "<group>"; };
		226A4525214F343800860F0E /* TouchScreen.swift */ = {isa = PBXFileReference; lastKnownFileType = sourcecode.swift; path = TouchScreen.swift; sourceTree = "<group>"; };
		226A45272150230200860F0E /* InfoCollectionItemView.swift */ = {isa = PBXFileReference; lastKnownFileType = sourcecode.swift; path = InfoCollectionItemView.swift; sourceTree = "<group>"; };
		226A45282150230200860F0E /* InfoCollectionItemView.xib */ = {isa = PBXFileReference; lastKnownFileType = file.xib; path = InfoCollectionItemView.xib; sourceTree = "<group>"; };
		226D0581204FC38600D74711 /* Event.swift */ = {isa = PBXFileReference; fileEncoding = 4; lastKnownFileType = sourcecode.swift; path = Event.swift; sourceTree = "<group>"; };
		226D0586204FC78100D74711 /* CachingNetwork.swift */ = {isa = PBXFileReference; lastKnownFileType = sourcecode.swift; path = CachingNetwork.swift; sourceTree = "<group>"; };
		226D0588204FC7BC00D74711 /* ResponseHandler.swift */ = {isa = PBXFileReference; lastKnownFileType = sourcecode.swift; path = ResponseHandler.swift; sourceTree = "<group>"; };
		2276AE64204E7150001FAD8B /* BorderlessWindow.swift */ = {isa = PBXFileReference; lastKnownFileType = sourcecode.swift; path = BorderlessWindow.swift; sourceTree = "<group>"; };
		227B5E10205611BB00F403B3 /* Style.swift */ = {isa = PBXFileReference; lastKnownFileType = sourcecode.swift; path = Style.swift; sourceTree = "<group>"; };
		2290A04120E4196E00F028C4 /* TimelineNotifications.swift */ = {isa = PBXFileReference; lastKnownFileType = sourcecode.swift; path = TimelineNotifications.swift; sourceTree = "<group>"; };
		22914F742049001B0000D4E1 /* TouchManager.swift */ = {isa = PBXFileReference; fileEncoding = 4; lastKnownFileType = sourcecode.swift; path = TouchManager.swift; sourceTree = "<group>"; };
		22914F76204905230000D4E1 /* NSApplication.swift */ = {isa = PBXFileReference; lastKnownFileType = sourcecode.swift; path = NSApplication.swift; sourceTree = "<group>"; };
		22927911208E531C005E2036 /* BackgroundTimer.swift */ = {isa = PBXFileReference; lastKnownFileType = sourcecode.swift; path = BackgroundTimer.swift; sourceTree = "<group>"; };
		22A4985D204733770024B46C /* WindowManager.swift */ = {isa = PBXFileReference; fileEncoding = 4; lastKnownFileType = sourcecode.swift; path = WindowManager.swift; sourceTree = "<group>"; };
		22A498602047349C0024B46C /* RecordNotifications.swift */ = {isa = PBXFileReference; lastKnownFileType = sourcecode.swift; path = RecordNotifications.swift; sourceTree = "<group>"; };
		22A498742047499B0024B46C /* JSON.swift */ = {isa = PBXFileReference; lastKnownFileType = sourcecode.swift; path = JSON.swift; sourceTree = "<group>"; };
		22A49877204749C30024B46C /* TouchState.swift */ = {isa = PBXFileReference; lastKnownFileType = sourcecode.swift; path = TouchState.swift; sourceTree = "<group>"; };
		22A6D96A209D2936009957BB /* BaseViewController.swift */ = {isa = PBXFileReference; lastKnownFileType = sourcecode.swift; path = BaseViewController.swift; sourceTree = "<group>"; };
		22A76FE420464764006C0AE7 /* PDFViewController.swift */ = {isa = PBXFileReference; fileEncoding = 4; lastKnownFileType = sourcecode.swift; path = PDFViewController.swift; sourceTree = "<group>"; };
		22A76FE520464764006C0AE7 /* PDF.storyboard */ = {isa = PBXFileReference; fileEncoding = 4; lastKnownFileType = file.storyboard; path = PDF.storyboard; sourceTree = "<group>"; };
		22A76FE92046477A006C0AE7 /* Player.storyboard */ = {isa = PBXFileReference; fileEncoding = 4; lastKnownFileType = file.storyboard; path = Player.storyboard; sourceTree = "<group>"; };
		22A76FEA2046477A006C0AE7 /* PlayerViewController.swift */ = {isa = PBXFileReference; fileEncoding = 4; lastKnownFileType = sourcecode.swift; path = PlayerViewController.swift; sourceTree = "<group>"; };
		22A9231D2044AF05003EA9BB /* WindowExplorer.app */ = {isa = PBXFileReference; explicitFileType = wrapper.application; includeInIndex = 0; path = WindowExplorer.app; sourceTree = BUILT_PRODUCTS_DIR; };
		22A923202044AF05003EA9BB /* AppDelegate.swift */ = {isa = PBXFileReference; fileEncoding = 4; lastKnownFileType = sourcecode.swift; path = AppDelegate.swift; sourceTree = "<group>"; };
		22A923242044AF05003EA9BB /* Assets.xcassets */ = {isa = PBXFileReference; lastKnownFileType = folder.assetcatalog; path = Assets.xcassets; sourceTree = "<group>"; };
		22A923292044AF05003EA9BB /* WindowExplorer.plist */ = {isa = PBXFileReference; lastKnownFileType = text.plist.xml; path = WindowExplorer.plist; sourceTree = "<group>"; };
		22A9232A2044AF05003EA9BB /* WindowExplorer.entitlements */ = {isa = PBXFileReference; lastKnownFileType = text.plist.entitlements; path = WindowExplorer.entitlements; sourceTree = "<group>"; };
		22AE5D2420D2DB3200D5FB9C /* ConnectionManager.swift */ = {isa = PBXFileReference; lastKnownFileType = sourcecode.swift; path = ConnectionManager.swift; sourceTree = "<group>"; };
		22AEAF0320B67E6700DD184B /* Math.swift */ = {isa = PBXFileReference; lastKnownFileType = sourcecode.swift; path = Math.swift; sourceTree = "<group>"; };
		22B1E2CC204638B900BDDF14 /* GestureManager.swift */ = {isa = PBXFileReference; fileEncoding = 4; lastKnownFileType = sourcecode.swift; path = GestureManager.swift; sourceTree = "<group>"; };
		22B1E2CE204638CA00BDDF14 /* GestureHandler.swift */ = {isa = PBXFileReference; lastKnownFileType = sourcecode.swift; path = GestureHandler.swift; sourceTree = "<group>"; };
		22B85AFC209B7ADF0099F44E /* Base */ = {isa = PBXFileReference; lastKnownFileType = file.storyboard; name = Base; path = Controllers/Base.lproj/Main.storyboard; sourceTree = "<group>"; };
		22B85B00209CF0FA0099F44E /* SearchViewController.swift */ = {isa = PBXFileReference; lastKnownFileType = sourcecode.swift; path = SearchViewController.swift; sourceTree = "<group>"; };
		22B85B02209CF1040099F44E /* Search.storyboard */ = {isa = PBXFileReference; lastKnownFileType = file.storyboard; path = Search.storyboard; sourceTree = "<group>"; };
		22B85B05209CF5200099F44E /* SearchItemView.swift */ = {isa = PBXFileReference; lastKnownFileType = sourcecode.swift; path = SearchItemView.swift; sourceTree = "<group>"; };
		22B85B06209CF5200099F44E /* SearchItemView.xib */ = {isa = PBXFileReference; lastKnownFileType = file.xib; path = SearchItemView.xib; sourceTree = "<group>"; };
		22CFCF61214875CD00EBD1A6 /* MenuButtonLeft.xib */ = {isa = PBXFileReference; lastKnownFileType = file.xib; path = MenuButtonLeft.xib; sourceTree = "<group>"; };
		22CFCF632148A4AD00EBD1A6 /* info_content.plist */ = {isa = PBXFileReference; fileEncoding = 4; lastKnownFileType = text.plist.xml; path = info_content.plist; sourceTree = "<group>"; };
		22CFCF652149A1A100EBD1A6 /* MenuSide.swift */ = {isa = PBXFileReference; lastKnownFileType = sourcecode.swift; path = MenuSide.swift; sourceTree = "<group>"; };
		22F309BB20A2220C00BA5456 /* Province.swift */ = {isa = PBXFileReference; lastKnownFileType = sourcecode.swift; path = Province.swift; sourceTree = "<group>"; };
		22F309BE20A224A000BA5456 /* LetterGroup.swift */ = {isa = PBXFileReference; lastKnownFileType = sourcecode.swift; path = LetterGroup.swift; sourceTree = "<group>"; };
		22F3EBA921533A3500FCFF6B /* ApplicationState.swift */ = {isa = PBXFileReference; lastKnownFileType = sourcecode.swift; path = ApplicationState.swift; sourceTree = "<group>"; };
		2B994FF43C43BAD129E83037 /* Pods-All-WindowExplorer.debug.xcconfig */ = {isa = PBXFileReference; includeInIndex = 1; lastKnownFileType = text.xcconfig; name = "Pods-All-WindowExplorer.debug.xcconfig"; path = "../Pods/Target Support Files/Pods-All-WindowExplorer/Pods-All-WindowExplorer.debug.xcconfig"; sourceTree = "<group>"; };
		3F09025E2048E0E70044F100 /* Organization.swift */ = {isa = PBXFileReference; lastKnownFileType = sourcecode.swift; path = Organization.swift; sourceTree = "<group>"; };
		3F0902602049C6B10044F100 /* Theme.swift */ = {isa = PBXFileReference; lastKnownFileType = sourcecode.swift; path = Theme.swift; sourceTree = "<group>"; };
		3F2FAB5A204F7D24002EDF5D /* Artifact.swift */ = {isa = PBXFileReference; fileEncoding = 4; lastKnownFileType = sourcecode.swift; path = Artifact.swift; sourceTree = "<group>"; };
		3F47D52E206420C6001E86E3 /* FlippedClipView.swift */ = {isa = PBXFileReference; lastKnownFileType = sourcecode.swift; path = FlippedClipView.swift; sourceTree = "<group>"; };
		6154D53B206DDC140078F0AA /* BridgingHeader.h */ = {isa = PBXFileReference; lastKnownFileType = sourcecode.c.h; path = BridgingHeader.h; sourceTree = "<group>"; };
		61767FCF206883A900970640 /* MultiChannelPanAudioUnit.h */ = {isa = PBXFileReference; lastKnownFileType = sourcecode.c.h; path = MultiChannelPanAudioUnit.h; sourceTree = "<group>"; };
		61767FD0206883A900970640 /* MultiChannelPanAudioUnit.mm */ = {isa = PBXFileReference; lastKnownFileType = sourcecode.cpp.objcpp; path = MultiChannelPanAudioUnit.mm; sourceTree = "<group>"; };
		61767FE12068883F00970640 /* BufferedAudioBus.hpp */ = {isa = PBXFileReference; lastKnownFileType = sourcecode.cpp.h; path = BufferedAudioBus.hpp; sourceTree = "<group>"; };
		61767FF620688A0200970640 /* AVFoundation.framework */ = {isa = PBXFileReference; lastKnownFileType = wrapper.framework; name = AVFoundation.framework; path = System/Library/Frameworks/AVFoundation.framework; sourceTree = SDKROOT; };
		61767FFA20688A3700970640 /* AudioToolbox.framework */ = {isa = PBXFileReference; lastKnownFileType = wrapper.framework; name = AudioToolbox.framework; path = System/Library/Frameworks/AudioToolbox.framework; sourceTree = SDKROOT; };
		618F0C282069F8F000762C20 /* AKPlayer.swift */ = {isa = PBXFileReference; lastKnownFileType = sourcecode.swift; path = AKPlayer.swift; sourceTree = "<group>"; };
		618F0C2B2069F98900762C20 /* MultiChannelPanner.swift */ = {isa = PBXFileReference; fileEncoding = 4; lastKnownFileType = sourcecode.swift; path = MultiChannelPanner.swift; sourceTree = "<group>"; };
		618F0C312069FFD600762C20 /* AudioController.swift */ = {isa = PBXFileReference; fileEncoding = 4; lastKnownFileType = sourcecode.swift; path = AudioController.swift; sourceTree = "<group>"; };
		618F0C34206A08CE00762C20 /* AudioComponentDescription.swift */ = {isa = PBXFileReference; lastKnownFileType = sourcecode.swift; path = AudioComponentDescription.swift; sourceTree = "<group>"; };
		618F0C36206A113B00762C20 /* Accelerate.framework */ = {isa = PBXFileReference; lastKnownFileType = wrapper.framework; name = Accelerate.framework; path = System/Library/Frameworks/Accelerate.framework; sourceTree = SDKROOT; };
		8E40109F20487B8D00E81AAA /* WindowFactory.swift */ = {isa = PBXFileReference; lastKnownFileType = sourcecode.swift; path = WindowFactory.swift; sourceTree = "<group>"; };
		8E4010A120487E0300E81AAA /* Collection.swift */ = {isa = PBXFileReference; lastKnownFileType = sourcecode.swift; path = Collection.swift; sourceTree = "<group>"; };
		8F2B188E20AA321700C5E0FA /* RelatedItemViewLayout.swift */ = {isa = PBXFileReference; lastKnownFileType = sourcecode.swift; path = RelatedItemViewLayout.swift; sourceTree = "<group>"; };
		8F6EFD7C2098FF0800E4D97D /* FadingScrollView.swift */ = {isa = PBXFileReference; lastKnownFileType = sourcecode.swift; path = FadingScrollView.swift; sourceTree = "<group>"; };
		8F8DE18D20A3C48C006FA48B /* RelatedItemImageView.swift */ = {isa = PBXFileReference; lastKnownFileType = sourcecode.swift; path = RelatedItemImageView.swift; sourceTree = "<group>"; };
		8F8DE18E20A3C48C006FA48B /* RelatedItemImageView.xib */ = {isa = PBXFileReference; lastKnownFileType = file.xib; path = RelatedItemImageView.xib; sourceTree = "<group>"; };
		8F8DE19120A3EDFD006FA48B /* RelatedItemView.swift */ = {isa = PBXFileReference; lastKnownFileType = sourcecode.swift; path = RelatedItemView.swift; sourceTree = "<group>"; };
		8FA62A07206BFAFC004E6092 /* RecordInfo.swift */ = {isa = PBXFileReference; lastKnownFileType = sourcecode.swift; path = RecordInfo.swift; sourceTree = "<group>"; };
		8FE6467A2060553100E6116A /* RegularScrollView.swift */ = {isa = PBXFileReference; lastKnownFileType = sourcecode.swift; path = RegularScrollView.swift; sourceTree = "<group>"; };
		8FEABD9F2064702600612C84 /* MediaViewController.swift */ = {isa = PBXFileReference; lastKnownFileType = sourcecode.swift; path = MediaViewController.swift; sourceTree = "<group>"; };
		A266EC238466BB27099C451B /* Pods_All_WindowExplorer.framework */ = {isa = PBXFileReference; explicitFileType = wrapper.framework; includeInIndex = 0; path = Pods_All_WindowExplorer.framework; sourceTree = BUILT_PRODUCTS_DIR; };
		A407160D20AB94B800B54593 /* PriorityOrder.swift */ = {isa = PBXFileReference; lastKnownFileType = sourcecode.swift; path = PriorityOrder.swift; sourceTree = "<group>"; };
		A407161120ABAE5B00B54593 /* RelationshipHelper.swift */ = {isa = PBXFileReference; fileEncoding = 4; lastKnownFileType = sourcecode.swift; path = RelationshipHelper.swift; sourceTree = "<group>"; };
		A44A4775213729DA000DFF90 /* InfoItemView.xib */ = {isa = PBXFileReference; lastKnownFileType = file.xib; path = InfoItemView.xib; sourceTree = "<group>"; };
		A44A4779213777B8000DFF90 /* String.swift */ = {isa = PBXFileReference; lastKnownFileType = sourcecode.swift; path = String.swift; sourceTree = "<group>"; };
		A44A56F42136186600F73D55 /* InfoViewController.swift */ = {isa = PBXFileReference; lastKnownFileType = sourcecode.swift; path = InfoViewController.swift; sourceTree = "<group>"; };
		A44A56F62136188600F73D55 /* Info.storyboard */ = {isa = PBXFileReference; lastKnownFileType = file.storyboard; path = Info.storyboard; sourceTree = "<group>"; };
		A44A56FA2136342000F73D55 /* InfoItemView.swift */ = {isa = PBXFileReference; lastKnownFileType = sourcecode.swift; path = InfoItemView.swift; sourceTree = "<group>"; };
		A44DB17C21386FED00D45A01 /* InfoItem.swift */ = {isa = PBXFileReference; lastKnownFileType = sourcecode.swift; path = InfoItem.swift; sourceTree = "<group>"; };
		A4540D15211B62FC00D50395 /* NSCollectionView.swift */ = {isa = PBXFileReference; lastKnownFileType = sourcecode.swift; path = NSCollectionView.swift; sourceTree = "<group>"; };
		A4551B6320DC38D100D8C029 /* MenuButton.swift */ = {isa = PBXFileReference; lastKnownFileType = sourcecode.swift; path = MenuButton.swift; sourceTree = "<group>"; };
		A4551B6520DC71D000D8C029 /* MenuButtonRight.xib */ = {isa = PBXFileReference; lastKnownFileType = file.xib; path = MenuButtonRight.xib; sourceTree = "<group>"; };
		A456617F20D9CDC400D23333 /* BorderControl.swift */ = {isa = PBXFileReference; lastKnownFileType = sourcecode.swift; path = BorderControl.swift; sourceTree = "<group>"; };
		A456618220D9D42D00D23333 /* BorderViewController.swift */ = {isa = PBXFileReference; lastKnownFileType = sourcecode.swift; path = BorderViewController.swift; sourceTree = "<group>"; };
		A456618420D9D43B00D23333 /* Border.storyboard */ = {isa = PBXFileReference; lastKnownFileType = file.storyboard; path = Border.storyboard; sourceTree = "<group>"; };
		A456CE9720D0A39E0036F020 /* SettingTypes.swift */ = {isa = PBXFileReference; lastKnownFileType = sourcecode.swift; path = SettingTypes.swift; sourceTree = "<group>"; };
		A456F6BF20C73826004534A4 /* SettingsViewController.swift */ = {isa = PBXFileReference; lastKnownFileType = sourcecode.swift; path = SettingsViewController.swift; sourceTree = "<group>"; };
		A456F6C120C73836004534A4 /* Settings.storyboard */ = {isa = PBXFileReference; lastKnownFileType = file.storyboard; path = Settings.storyboard; sourceTree = "<group>"; };
		A457D19720C9A42900D21ABA /* SwitchControl.swift */ = {isa = PBXFileReference; lastKnownFileType = sourcecode.swift; path = SwitchControl.swift; sourceTree = "<group>"; };
		A460292820B4C689000F902E /* Menu.storyboard */ = {isa = PBXFileReference; lastKnownFileType = file.storyboard; path = Menu.storyboard; sourceTree = "<group>"; };
		A460292A20B4C6A0000F902E /* MenuViewController.swift */ = {isa = PBXFileReference; lastKnownFileType = sourcecode.swift; path = MenuViewController.swift; sourceTree = "<group>"; };
		A4694B65209CEC18006A407F /* RecordFilterType.swift */ = {isa = PBXFileReference; lastKnownFileType = sourcecode.swift; path = RecordFilterType.swift; sourceTree = "<group>"; };
		A479487F20B89ACC00091CEC /* MenuButtonType.swift */ = {isa = PBXFileReference; lastKnownFileType = sourcecode.swift; path = MenuButtonType.swift; sourceTree = "<group>"; };
		A47C67E320CB07CB00C361D1 /* MapNotifications.swift */ = {isa = PBXFileReference; lastKnownFileType = sourcecode.swift; path = MapNotifications.swift; sourceTree = "<group>"; };
		CD096C8920A3AD7F00C8A732 /* GeocodeHelper.swift */ = {isa = PBXFileReference; fileEncoding = 4; lastKnownFileType = sourcecode.swift; path = GeocodeHelper.swift; sourceTree = "<group>"; };
		CD7B3CD020ADFB1400723BDB /* ZoomControl.xib */ = {isa = PBXFileReference; lastKnownFileType = file.xib; path = ZoomControl.xib; sourceTree = "<group>"; };
		CD7B3CD220ADFB2500723BDB /* ZoomControl.swift */ = {isa = PBXFileReference; lastKnownFileType = sourcecode.swift; path = ZoomControl.swift; sourceTree = "<group>"; };
		CE471FCE047AE2FD1C92BA3A /* Pods-All-WindowExplorer.release.xcconfig */ = {isa = PBXFileReference; includeInIndex = 1; lastKnownFileType = text.xcconfig; name = "Pods-All-WindowExplorer.release.xcconfig"; path = "../Pods/Target Support Files/Pods-All-WindowExplorer/Pods-All-WindowExplorer.release.xcconfig"; sourceTree = "<group>"; };
		D507D33A2072FD2B0003CEA7 /* ColoredSliderCell.swift */ = {isa = PBXFileReference; lastKnownFileType = sourcecode.swift; path = ColoredSliderCell.swift; sourceTree = "<group>"; };
		D5384CF42071A74300A157AE /* PDFTableViewItem.swift */ = {isa = PBXFileReference; lastKnownFileType = sourcecode.swift; path = PDFTableViewItem.swift; sourceTree = "<group>"; };
		D5384CF62071A7FD00A157AE /* PDFTableViewItem.xib */ = {isa = PBXFileReference; lastKnownFileType = file.xib; path = PDFTableViewItem.xib; sourceTree = "<group>"; };
		D901EBEC2056EEFE00BBFCF2 /* Record.swift */ = {isa = PBXFileReference; lastKnownFileType = sourcecode.swift; path = Record.swift; sourceTree = "<group>"; };
		D901EBEF2057490400BBFCF2 /* RegularTableView.swift */ = {isa = PBXFileReference; lastKnownFileType = sourcecode.swift; path = RegularTableView.swift; sourceTree = "<group>"; };
		D92E0EFD20604BDB00C1C9A7 /* PageControl.swift */ = {isa = PBXFileReference; lastKnownFileType = sourcecode.swift; path = PageControl.swift; sourceTree = "<group>"; };
		D92E0EFF206052C900C1C9A7 /* ArrowControl.swift */ = {isa = PBXFileReference; lastKnownFileType = sourcecode.swift; path = ArrowControl.swift; sourceTree = "<group>"; };
		D992E20820533A3A00EAB698 /* RecordViewController.swift */ = {isa = PBXFileReference; lastKnownFileType = sourcecode.swift; path = RecordViewController.swift; sourceTree = "<group>"; };
		D992E20C20533A6200EAB698 /* Record.storyboard */ = {isa = PBXFileReference; lastKnownFileType = file.storyboard; path = Record.storyboard; sourceTree = "<group>"; };
		D9F24E5A2059DD1900B9FCB8 /* RecordNetwork.swift */ = {isa = PBXFileReference; lastKnownFileType = sourcecode.swift; path = RecordNetwork.swift; sourceTree = "<group>"; };
		D9F24E5C205AFE2900B9FCB8 /* Media.swift */ = {isa = PBXFileReference; lastKnownFileType = sourcecode.swift; path = Media.swift; sourceTree = "<group>"; };
		D9F24E5E205B01A000B9FCB8 /* WindowType.swift */ = {isa = PBXFileReference; lastKnownFileType = sourcecode.swift; path = WindowType.swift; sourceTree = "<group>"; };
		D9F24E61205B040700B9FCB8 /* ImageViewController.swift */ = {isa = PBXFileReference; lastKnownFileType = sourcecode.swift; path = ImageViewController.swift; sourceTree = "<group>"; };
		D9F24E63205B041200B9FCB8 /* Image.storyboard */ = {isa = PBXFileReference; lastKnownFileType = file.storyboard; path = Image.storyboard; sourceTree = "<group>"; };
/* End PBXFileReference section */

/* Begin PBXFrameworksBuildPhase section */
		22A9231A2044AF05003EA9BB /* Frameworks */ = {
			isa = PBXFrameworksBuildPhase;
			buildActionMask = 2147483647;
			files = (
				618F0C38206A114100762C20 /* AVFoundation.framework in Frameworks */,
				618F0C37206A113B00762C20 /* Accelerate.framework in Frameworks */,
				C6DB17689F287C9826286DF2 /* Pods_All_WindowExplorer.framework in Frameworks */,
			);
			runOnlyForDeploymentPostprocessing = 0;
		};
/* End PBXFrameworksBuildPhase section */

/* Begin PBXGroup section */
		1FAFF024206EDD9C005DC68B /* Font */ = {
			isa = PBXGroup;
			children = (
				1FAFF00E206EDD92005DC68B /* Soleil-00.otf */,
				1FAFF014206EDD93005DC68B /* Soleil-01.otf */,
				1FAFF016206EDD93005DC68B /* Soleil-02.otf */,
				1FAFF00C206EDD92005DC68B /* Soleil-03.otf */,
				1FAFF00F206EDD92005DC68B /* Soleil-04.otf */,
				1FAFF00D206EDD92005DC68B /* Soleil-05.otf */,
				1FAFF017206EDD93005DC68B /* Soleil-06.otf */,
				1FAFF015206EDD93005DC68B /* Soleil-07.otf */,
				1FAFF013206EDD93005DC68B /* Soleil-08.otf */,
				1FAFF010206EDD93005DC68B /* Soleil-09.otf */,
				1FAFF011206EDD93005DC68B /* Soleil-10.otf */,
				1FAFF012206EDD93005DC68B /* Soleil-11.otf */,
			);
			path = Font;
			sourceTree = "<group>";
		};
		2204621320472F1E0067D9FB /* Views */ = {
			isa = PBXGroup;
			children = (
				2204621420472F2D0067D9FB /* PlayerControl.xib */,
				2204621620472F2D0067D9FB /* PlayerControl.swift */,
				D507D33A2072FD2B0003CEA7 /* ColoredSliderCell.swift */,
			);
			path = Views;
			sourceTree = "<group>";
		};
		2204621A20472F840067D9FB /* Extensions */ = {
			isa = PBXGroup;
			children = (
				2204622E20472FDF0067D9FB /* AVKit.swift */,
				2204622B20472FDF0067D9FB /* CoreGraphics.swift */,
				2204622D20472FDF0067D9FB /* Int.swift */,
				2204623220472FDF0067D9FB /* MapKit.swift */,
				2204623120472FDF0067D9FB /* NetworkConfiguration.swift */,
				2204622C20472FDF0067D9FB /* NSImage.swift */,
				2204622F20472FDF0067D9FB /* PacketType.swift */,
				2204623020472FDF0067D9FB /* URL.swift */,
				8E4010A120487E0300E81AAA /* Collection.swift */,
				22914F76204905230000D4E1 /* NSApplication.swift */,
				2256D2982090CF3B009DEADE /* NSView.swift */,
				A4540D15211B62FC00D50395 /* NSCollectionView.swift */,
				A44A4779213777B8000DFF90 /* String.swift */,
			);
			path = Extensions;
			sourceTree = "<group>";
		};
		2204623B20472FFD0067D9FB /* Models */ = {
			isa = PBXGroup;
			children = (
				22A4987A204749EA0024B46C /* Records */,
				22616CA020A235170042C420 /* Search */,
				22A49876204749B70024B46C /* Touches */,
				223613E620509D920024145C /* LastTwo.swift */,
				D9F24E5C205AFE2900B9FCB8 /* Media.swift */,
				22004FE520DD7DE700B1E740 /* Settings.swift */,
			);
			path = Models;
			sourceTree = "<group>";
		};
		2204623C204730050067D9FB /* Gestures */ = {
			isa = PBXGroup;
			children = (
				22046240204730780067D9FB /* GestureRecognizer.swift */,
				2204623E204730780067D9FB /* PanGestureRecognizer.swift */,
				22046241204730780067D9FB /* PinchGestureRecognizer.swift */,
				2204623F204730780067D9FB /* RotateGestureRecognizer.swift */,
				2204623D204730780067D9FB /* SwipeGestureRecognizer.swift */,
				22046242204730780067D9FB /* TapGestureRecognizer.swift */,
			);
			path = Gestures;
			sourceTree = "<group>";
		};
		2222C7C020DC024F00B76D12 /* RecordCollectionViewController */ = {
			isa = PBXGroup;
			children = (
				2222C7C520DC028D00B76D12 /* Collection.storyboard */,
				2222C7C120DC028000B76D12 /* RecordCollectionViewController.swift */,
				222EA53D20DC117C00DB16CA /* Views */,
			);
			path = RecordCollectionViewController;
			sourceTree = "<group>";
		};
		222EA53D20DC117C00DB16CA /* Views */ = {
			isa = PBXGroup;
			children = (
				222EA53F20DC14F400DB16CA /* RecordCollectionItemView.xib */,
				222EA53E20DC14F400DB16CA /* RecordCollectionItemView.swift */,
				226A45282150230200860F0E /* InfoCollectionItemView.xib */,
				226A45272150230200860F0E /* InfoCollectionItemView.swift */,
			);
			path = Views;
			sourceTree = "<group>";
		};
		2236F75D2151EC0800AD8148 /* IndicatorViewController */ = {
			isa = PBXGroup;
			children = (
				2236F7622151EC4A00AD8148 /* Indicator.storyboard */,
				2236F75E2151EC2D00AD8148 /* IndicatorViewController.swift */,
			);
			path = IndicatorViewController;
			sourceTree = "<group>";
		};
		225FBB9F208E899900B2CD3E /* MasterViewController */ = {
			isa = PBXGroup;
			children = (
				225FBBA2208E89C200B2CD3E /* Master.storyboard */,
				225FBBA0208E89BA00B2CD3E /* MasterViewController.swift */,
				225FBBA4208EAF9400B2CD3E /* ControlAction.swift */,
			);
			path = MasterViewController;
			sourceTree = "<group>";
		};
		22616CA020A235170042C420 /* Search */ = {
			isa = PBXGroup;
			children = (
				22F309BB20A2220C00BA5456 /* Province.swift */,
				22F309BE20A224A000BA5456 /* LetterGroup.swift */,
			);
			path = Search;
			sourceTree = "<group>";
		};
		2276AE63204E7122001FAD8B /* Windows */ = {
			isa = PBXGroup;
			children = (
				2276AE64204E7150001FAD8B /* BorderlessWindow.swift */,
			);
			path = Windows;
			sourceTree = "<group>";
		};
		2279656A2146F4C100408AE0 /* Views */ = {
			isa = PBXGroup;
			children = (
				A4551B6520DC71D000D8C029 /* MenuButtonRight.xib */,
				22CFCF61214875CD00EBD1A6 /* MenuButtonLeft.xib */,
				A4551B6320DC38D100D8C029 /* MenuButton.swift */,
			);
			path = Views;
			sourceTree = "<group>";
		};
		22A4985F204734790024B46C /* Notifications */ = {
			isa = PBXGroup;
			children = (
				22A498602047349C0024B46C /* RecordNotifications.swift */,
				A47C67E320CB07CB00C361D1 /* MapNotifications.swift */,
				2222B13B20D9866900ECCB5D /* SettingsNotifications.swift */,
				2290A04120E4196E00F028C4 /* TimelineNotifications.swift */,
			);
			path = Notifications;
			sourceTree = "<group>";
		};
		22A49876204749B70024B46C /* Touches */ = {
			isa = PBXGroup;
			children = (
				22046249204730C60067D9FB /* Touch.swift */,
				22A49877204749C30024B46C /* TouchState.swift */,
				22046252204730C70067D9FB /* TouchProperties.swift */,
			);
			path = Touches;
			sourceTree = "<group>";
		};
		22A4987A204749EA0024B46C /* Records */ = {
			isa = PBXGroup;
			children = (
				D901EBEC2056EEFE00BBFCF2 /* Record.swift */,
				226D0581204FC38600D74711 /* Event.swift */,
				3F2FAB5A204F7D24002EDF5D /* Artifact.swift */,
				3F09025E2048E0E70044F100 /* Organization.swift */,
				2204624E204730C70067D9FB /* School.swift */,
				3F0902602049C6B10044F100 /* Theme.swift */,
				222D1BBF214B198B007417B8 /* RecordCollection.swift */,
			);
			path = Records;
			sourceTree = "<group>";
		};
		22A76FE320464764006C0AE7 /* PDFViewControlller */ = {
			isa = PBXGroup;
			children = (
				22A76FE520464764006C0AE7 /* PDF.storyboard */,
				22A76FE420464764006C0AE7 /* PDFViewController.swift */,
				D5384CF32071A6BE00A157AE /* Views */,
			);
			path = PDFViewControlller;
			sourceTree = "<group>";
		};
		22A76FE82046477A006C0AE7 /* PlayerViewController */ = {
			isa = PBXGroup;
			children = (
				22A76FE92046477A006C0AE7 /* Player.storyboard */,
				22A76FEA2046477A006C0AE7 /* PlayerViewController.swift */,
				2204621520472F2D0067D9FB /* PlayerState.swift */,
				224D9A6A207606E30041F1C6 /* VolumeLevel.swift */,
				2204621320472F1E0067D9FB /* Views */,
			);
			path = PlayerViewController;
			sourceTree = "<group>";
		};
		22A923142044AF05003EA9BB = {
			isa = PBXGroup;
			children = (
				22A923302044AF19003EA9BB /* Sources */,
				22A923332044AF2D003EA9BB /* Metadata */,
				22A923312044AF1E003EA9BB /* Resources */,
				22A9231E2044AF05003EA9BB /* Products */,
				E7F56EE9570176C399CE51F3 /* Pods */,
				BA7AB469DDFD237E3385F839 /* Frameworks */,
			);
			sourceTree = "<group>";
		};
		22A9231E2044AF05003EA9BB /* Products */ = {
			isa = PBXGroup;
			children = (
				22A9231D2044AF05003EA9BB /* WindowExplorer.app */,
			);
			name = Products;
			sourceTree = "<group>";
		};
		22A923302044AF19003EA9BB /* Sources */ = {
			isa = PBXGroup;
			children = (
				22B85AFB209B7ADF0099F44E /* Main.storyboard */,
				22A923342044AF45003EA9BB /* Managers */,
				22A9233B2044B047003EA9BB /* Controllers */,
				2276AE63204E7122001FAD8B /* Windows */,
				D901EBEE205748C500BBFCF2 /* Views */,
				2204621A20472F840067D9FB /* Extensions */,
				2204623B20472FFD0067D9FB /* Models */,
				22B1E2D0204638CD00BDDF14 /* Helpers */,
				2204623C204730050067D9FB /* Gestures */,
				22A4985F204734790024B46C /* Notifications */,
				61767FFD206895EE00970640 /* Audio */,
			);
			path = Sources;
			sourceTree = "<group>";
		};
		22A923312044AF1E003EA9BB /* Resources */ = {
			isa = PBXGroup;
			children = (
				1FAFF024206EDD9C005DC68B /* Font */,
				22A923242044AF05003EA9BB /* Assets.xcassets */,
			);
			path = Resources;
			sourceTree = "<group>";
		};
		22A923332044AF2D003EA9BB /* Metadata */ = {
			isa = PBXGroup;
			children = (
				22A9232A2044AF05003EA9BB /* WindowExplorer.entitlements */,
				22A923292044AF05003EA9BB /* WindowExplorer.plist */,
				6154D53B206DDC140078F0AA /* BridgingHeader.h */,
			);
			path = Metadata;
			sourceTree = "<group>";
		};
		22A923342044AF45003EA9BB /* Managers */ = {
			isa = PBXGroup;
			children = (
				22A923202044AF05003EA9BB /* AppDelegate.swift */,
				22A4985D204733770024B46C /* WindowManager.swift */,
				22914F742049001B0000D4E1 /* TouchManager.swift */,
				22AE5D2420D2DB3200D5FB9C /* ConnectionManager.swift */,
				222A94EA20D9D50A00B4AE4E /* MenuManager.swift */,
				22004FE320DD7A7F00B1E740 /* SettingsManager.swift */,
				222D1BC3214C8505007417B8 /* RecordManager.swift */,
			);
			path = Managers;
			sourceTree = "<group>";
		};
		22A9233B2044B047003EA9BB /* Controllers */ = {
			isa = PBXGroup;
			children = (
				22A6D96A209D2936009957BB /* BaseViewController.swift */,
				A456618120D9D41900D23333 /* BorderViewController */,
				225FBB9F208E899900B2CD3E /* MasterViewController */,
				8FEABD9E20646FF600612C84 /* MediaControllers */,
				8F5D5B9220A116CC00B9CBA9 /* MenuViewController */,
				D992E20620533A0400EAB698 /* RecordViewController */,
				22B85AFF209CF0D80099F44E /* SearchViewController */,
				2222C7C020DC024F00B76D12 /* RecordCollectionViewController */,
				A44A56F32136184500F73D55 /* InfoViewController */,
				A456F6BE20C73722004534A4 /* SettingsViewController */,
				2236F75D2151EC0800AD8148 /* IndicatorViewController */,
			);
			path = Controllers;
			sourceTree = "<group>";
		};
		22B1E2D0204638CD00BDDF14 /* Helpers */ = {
			isa = PBXGroup;
			children = (
				22B1E2CC204638B900BDDF14 /* GestureManager.swift */,
				2243C7DC2093A10F00CE2CA0 /* ApplicationType.swift */,
				A407161120ABAE5B00B54593 /* RelationshipHelper.swift */,
				227B5E10205611BB00F403B3 /* Style.swift */,
				22A498742047499B0024B46C /* JSON.swift */,
				22B1E2CE204638CA00BDDF14 /* GestureHandler.swift */,
				226D0586204FC78100D74711 /* CachingNetwork.swift */,
				226D0588204FC7BC00D74711 /* ResponseHandler.swift */,
				D9F24E5E205B01A000B9FCB8 /* WindowType.swift */,
				8E40109F20487B8D00E81AAA /* WindowFactory.swift */,
				D9F24E5A2059DD1900B9FCB8 /* RecordNetwork.swift */,
				2224125D206BFE9F008E7A9D /* RecordType.swift */,
				22927911208E531C005E2036 /* BackgroundTimer.swift */,
				8FA62A07206BFAFC004E6092 /* RecordInfo.swift */,
				A4694B65209CEC18006A407F /* RecordFilterType.swift */,
				CD096C8920A3AD7F00C8A732 /* GeocodeHelper.swift */,
				A407160D20AB94B800B54593 /* PriorityOrder.swift */,
				22AEAF0320B67E6700DD184B /* Math.swift */,
				226A4525214F343800860F0E /* TouchScreen.swift */,
				22F3EBA921533A3500FCFF6B /* ApplicationState.swift */,
			);
			path = Helpers;
			sourceTree = "<group>";
		};
		22B85AFF209CF0D80099F44E /* SearchViewController */ = {
			isa = PBXGroup;
			children = (
				22B85B02209CF1040099F44E /* Search.storyboard */,
				22B85B00209CF0FA0099F44E /* SearchViewController.swift */,
				22B85B04209CF5030099F44E /* Views */,
			);
			path = SearchViewController;
			sourceTree = "<group>";
		};
		22B85B04209CF5030099F44E /* Views */ = {
			isa = PBXGroup;
			children = (
				22B85B06209CF5200099F44E /* SearchItemView.xib */,
				22B85B05209CF5200099F44E /* SearchItemView.swift */,
			);
			path = Views;
			sourceTree = "<group>";
		};
		22EB87642141ED8C001CAC13 /* Data */ = {
			isa = PBXGroup;
			children = (
				22CFCF632148A4AD00EBD1A6 /* info_content.plist */,
			);
			path = Data;
			sourceTree = "<group>";
		};
		61767FFD206895EE00970640 /* Audio */ = {
			isa = PBXGroup;
			children = (
				618F0C282069F8F000762C20 /* AKPlayer.swift */,
				618F0C34206A08CE00762C20 /* AudioComponentDescription.swift */,
				618F0C312069FFD600762C20 /* AudioController.swift */,
				61767FE12068883F00970640 /* BufferedAudioBus.hpp */,
				61767FCF206883A900970640 /* MultiChannelPanAudioUnit.h */,
				61767FD0206883A900970640 /* MultiChannelPanAudioUnit.mm */,
				618F0C2B2069F98900762C20 /* MultiChannelPanner.swift */,
			);
			path = Audio;
			sourceTree = "<group>";
		};
		8F5D5B9220A116CC00B9CBA9 /* MenuViewController */ = {
			isa = PBXGroup;
			children = (
				A460292820B4C689000F902E /* Menu.storyboard */,
				A460292A20B4C6A0000F902E /* MenuViewController.swift */,
				A479487F20B89ACC00091CEC /* MenuButtonType.swift */,
				22CFCF652149A1A100EBD1A6 /* MenuSide.swift */,
				2279656A2146F4C100408AE0 /* Views */,
			);
			path = MenuViewController;
			sourceTree = "<group>";
		};
		8F8DE18820A3C11C006FA48B /* RelatedItemViews */ = {
			isa = PBXGroup;
			children = (
				8F8DE19120A3EDFD006FA48B /* RelatedItemView.swift */,
				2204620C20472DE80067D9FB /* RelatedItemListView.xib */,
				2204620A20472DE80067D9FB /* RelatedItemListView.swift */,
				8F8DE18E20A3C48C006FA48B /* RelatedItemImageView.xib */,
				8F8DE18D20A3C48C006FA48B /* RelatedItemImageView.swift */,
			);
			path = RelatedItemViews;
			sourceTree = "<group>";
		};
		8FEABD9E20646FF600612C84 /* MediaControllers */ = {
			isa = PBXGroup;
			children = (
				8FEABD9F2064702600612C84 /* MediaViewController.swift */,
				D9F24E60205B03AA00B9FCB8 /* ImageViewController */,
				22A76FE82046477A006C0AE7 /* PlayerViewController */,
				22A76FE320464764006C0AE7 /* PDFViewControlller */,
			);
			path = MediaControllers;
			sourceTree = "<group>";
		};
		A447476120D8789F00346714 /* ZoomControl */ = {
			isa = PBXGroup;
			children = (
				CD7B3CD020ADFB1400723BDB /* ZoomControl.xib */,
				CD7B3CD220ADFB2500723BDB /* ZoomControl.swift */,
			);
			path = ZoomControl;
			sourceTree = "<group>";
		};
		A44A47742137155C000DFF90 /* Views */ = {
			isa = PBXGroup;
			children = (
				A44A4775213729DA000DFF90 /* InfoItemView.xib */,
				A44A56FA2136342000F73D55 /* InfoItemView.swift */,
				A44DB17C21386FED00D45A01 /* InfoItem.swift */,
			);
			path = Views;
			sourceTree = "<group>";
		};
		A44A56F32136184500F73D55 /* InfoViewController */ = {
			isa = PBXGroup;
			children = (
				A44A56F62136188600F73D55 /* Info.storyboard */,
				A44A56F42136186600F73D55 /* InfoViewController.swift */,
				A44A47742137155C000DFF90 /* Views */,
				22EB87642141ED8C001CAC13 /* Data */,
			);
			path = InfoViewController;
			sourceTree = "<group>";
		};
		A456618120D9D41900D23333 /* BorderViewController */ = {
			isa = PBXGroup;
			children = (
				A456618420D9D43B00D23333 /* Border.storyboard */,
				A456618220D9D42D00D23333 /* BorderViewController.swift */,
			);
			path = BorderViewController;
			sourceTree = "<group>";
		};
		A456F6BE20C73722004534A4 /* SettingsViewController */ = {
			isa = PBXGroup;
			children = (
				A456F6C120C73836004534A4 /* Settings.storyboard */,
				A456F6BF20C73826004534A4 /* SettingsViewController.swift */,
				A456CE9720D0A39E0036F020 /* SettingTypes.swift */,
			);
			path = SettingsViewController;
			sourceTree = "<group>";
		};
		BA7AB469DDFD237E3385F839 /* Frameworks */ = {
			isa = PBXGroup;
			children = (
				618F0C36206A113B00762C20 /* Accelerate.framework */,
				61767FFA20688A3700970640 /* AudioToolbox.framework */,
				61767FF620688A0200970640 /* AVFoundation.framework */,
				A266EC238466BB27099C451B /* Pods_All_WindowExplorer.framework */,
			);
			name = Frameworks;
			sourceTree = "<group>";
		};
		D5384CF32071A6BE00A157AE /* Views */ = {
			isa = PBXGroup;
			children = (
				D5384CF62071A7FD00A157AE /* PDFTableViewItem.xib */,
				D5384CF42071A74300A157AE /* PDFTableViewItem.swift */,
			);
			path = Views;
			sourceTree = "<group>";
		};
		D901EBEB20535A3E00BBFCF2 /* Views */ = {
			isa = PBXGroup;
			children = (
				8F8DE18820A3C11C006FA48B /* RelatedItemViews */,
				224766FF20562F65003E8790 /* MediaItemView.xib */,
				224766FE20562F65003E8790 /* MediaItemView.swift */,
				2256D292208FEF5D009DEADE /* RecordTypeSelectionView.swift */,
			);
			path = Views;
			sourceTree = "<group>";
		};
		D901EBEE205748C500BBFCF2 /* Views */ = {
			isa = PBXGroup;
			children = (
				1F910717206C2973008F9513 /* ImageView.swift */,
				D901EBEF2057490400BBFCF2 /* RegularTableView.swift */,
				8FE6467A2060553100E6116A /* RegularScrollView.swift */,
				3F47D52E206420C6001E86E3 /* FlippedClipView.swift */,
				D92E0EFD20604BDB00C1C9A7 /* PageControl.swift */,
				D92E0EFF206052C900C1C9A7 /* ArrowControl.swift */,
				8F6EFD7C2098FF0800E4D97D /* FadingScrollView.swift */,
				A457D19720C9A42900D21ABA /* SwitchControl.swift */,
				A456617F20D9CDC400D23333 /* BorderControl.swift */,
				A447476120D8789F00346714 /* ZoomControl */,
			);
			path = Views;
			sourceTree = "<group>";
		};
		D992E20620533A0400EAB698 /* RecordViewController */ = {
			isa = PBXGroup;
			children = (
				D992E20C20533A6200EAB698 /* Record.storyboard */,
				D992E20820533A3A00EAB698 /* RecordViewController.swift */,
				8F2B188E20AA321700C5E0FA /* RelatedItemViewLayout.swift */,
				D901EBEB20535A3E00BBFCF2 /* Views */,
			);
			path = RecordViewController;
			sourceTree = "<group>";
		};
		D9F24E60205B03AA00B9FCB8 /* ImageViewController */ = {
			isa = PBXGroup;
			children = (
				D9F24E63205B041200B9FCB8 /* Image.storyboard */,
				D9F24E61205B040700B9FCB8 /* ImageViewController.swift */,
			);
			path = ImageViewController;
			sourceTree = "<group>";
		};
		E7F56EE9570176C399CE51F3 /* Pods */ = {
			isa = PBXGroup;
			children = (
				2B994FF43C43BAD129E83037 /* Pods-All-WindowExplorer.debug.xcconfig */,
				CE471FCE047AE2FD1C92BA3A /* Pods-All-WindowExplorer.release.xcconfig */,
			);
			name = Pods;
			sourceTree = "<group>";
		};
/* End PBXGroup section */

/* Begin PBXNativeTarget section */
		22A9231C2044AF05003EA9BB /* WindowExplorer */ = {
			isa = PBXNativeTarget;
			buildConfigurationList = 22A9232D2044AF05003EA9BB /* Build configuration list for PBXNativeTarget "WindowExplorer" */;
			buildPhases = (
				EA5D45800FABF07BEC3A6B2E /* [CP] Check Pods Manifest.lock */,
				22A923192044AF05003EA9BB /* Sources */,
				22A9231A2044AF05003EA9BB /* Frameworks */,
				22A9231B2044AF05003EA9BB /* Resources */,
				22A9234F2044B09D003EA9BB /* Embed XPC Services */,
				D706A887330181305494F3D8 /* [CP] Embed Pods Frameworks */,
				A4F3914A20BCBB490034D304 /* ShellScript */,
			);
			buildRules = (
			);
			dependencies = (
			);
			name = WindowExplorer;
			productName = WindowExplorer;
			productReference = 22A9231D2044AF05003EA9BB /* WindowExplorer.app */;
			productType = "com.apple.product-type.application";
		};
/* End PBXNativeTarget section */

/* Begin PBXProject section */
		22A923152044AF05003EA9BB /* Project object */ = {
			isa = PBXProject;
			attributes = {
				LastSwiftUpdateCheck = 0920;
				LastUpgradeCheck = 0940;
				ORGANIZATIONNAME = JABT;
				TargetAttributes = {
					22A9231C2044AF05003EA9BB = {
						CreatedOnToolsVersion = 9.2;
						LastSwiftMigration = 1000;
						ProvisioningStyle = Automatic;
					};
				};
			};
			buildConfigurationList = 22A923182044AF05003EA9BB /* Build configuration list for PBXProject "WindowExplorer" */;
			compatibilityVersion = "Xcode 8.0";
			developmentRegion = en;
			hasScannedForEncodings = 0;
			knownRegions = (
				en,
				Base,
			);
			mainGroup = 22A923142044AF05003EA9BB;
			productRefGroup = 22A9231E2044AF05003EA9BB /* Products */;
			projectDirPath = "";
			projectRoot = "";
			targets = (
				22A9231C2044AF05003EA9BB /* WindowExplorer */,
			);
		};
/* End PBXProject section */

/* Begin PBXResourcesBuildPhase section */
		22A9231B2044AF05003EA9BB /* Resources */ = {
			isa = PBXResourcesBuildPhase;
			buildActionMask = 2147483647;
			files = (
				225FBBA3208E89C200B2CD3E /* Master.storyboard in Resources */,
				2222C7C620DC028D00B76D12 /* Collection.storyboard in Resources */,
				1FAFF01C206EDD93005DC68B /* Soleil-09.otf in Resources */,
				A456618520D9D43B00D23333 /* Border.storyboard in Resources */,
				22A76FE720464764006C0AE7 /* PDF.storyboard in Resources */,
				22CFCF642148A4AD00EBD1A6 /* info_content.plist in Resources */,
				22B85B08209CF5200099F44E /* SearchItemView.xib in Resources */,
				D5384CF72071A7FD00A157AE /* PDFTableViewItem.xib in Resources */,
				1FAFF021206EDD93005DC68B /* Soleil-07.otf in Resources */,
				1FAFF023206EDD93005DC68B /* Soleil-06.otf in Resources */,
				A460292920B4C689000F902E /* Menu.storyboard in Resources */,
				22A923252044AF05003EA9BB /* Assets.xcassets in Resources */,
				2222C7BF20DC020200B76D12 /* RelatedItemListView.xib in Resources */,
				8F8DE19020A3C48C006FA48B /* RelatedItemImageView.xib in Resources */,
				A456F6C220C73836004534A4 /* Settings.storyboard in Resources */,
				CD7B3CD120ADFB1400723BDB /* ZoomControl.xib in Resources */,
				1FAFF01B206EDD93005DC68B /* Soleil-04.otf in Resources */,
				A4551B6620DC71D000D8C029 /* MenuButtonRight.xib in Resources */,
				2247670120562F65003E8790 /* MediaItemView.xib in Resources */,
				A44A4776213729DA000DFF90 /* InfoItemView.xib in Resources */,
				1FAFF020206EDD93005DC68B /* Soleil-01.otf in Resources */,
				2204621720472F2D0067D9FB /* PlayerControl.xib in Resources */,
				22B85AFD209B7ADF0099F44E /* Main.storyboard in Resources */,
				A44A56F72136188600F73D55 /* Info.storyboard in Resources */,
				1FAFF019206EDD93005DC68B /* Soleil-05.otf in Resources */,
				1FAFF01D206EDD93005DC68B /* Soleil-10.otf in Resources */,
				22CFCF62214875CD00EBD1A6 /* MenuButtonLeft.xib in Resources */,
				22A76FEB2046477A006C0AE7 /* Player.storyboard in Resources */,
				1FAFF01E206EDD93005DC68B /* Soleil-11.otf in Resources */,
				2236F7632151EC4A00AD8148 /* Indicator.storyboard in Resources */,
				1FAFF01F206EDD93005DC68B /* Soleil-08.otf in Resources */,
				1FAFF022206EDD93005DC68B /* Soleil-02.otf in Resources */,
				D992E20D20533A6200EAB698 /* Record.storyboard in Resources */,
				1FAFF01A206EDD93005DC68B /* Soleil-00.otf in Resources */,
				222EA54120DC14F400DB16CA /* RecordCollectionItemView.xib in Resources */,
				1FAFF018206EDD93005DC68B /* Soleil-03.otf in Resources */,
				226A452A2150230200860F0E /* InfoCollectionItemView.xib in Resources */,
				22B85B03209CF1040099F44E /* Search.storyboard in Resources */,
				D9F24E64205B041200B9FCB8 /* Image.storyboard in Resources */,
			);
			runOnlyForDeploymentPostprocessing = 0;
		};
/* End PBXResourcesBuildPhase section */

/* Begin PBXShellScriptBuildPhase section */
		A4F3914A20BCBB490034D304 /* ShellScript */ = {
			isa = PBXShellScriptBuildPhase;
			buildActionMask = 2147483647;
			files = (
			);
			inputPaths = (
			);
			outputPaths = (
			);
			runOnlyForDeploymentPostprocessing = 0;
			shellPath = /bin/sh;
			shellScript = "if which swiftlint >/dev/null; then\n    swiftlint\nelse\n    echo \"warning: SwiftLint not installed, download from https://github.com/realm/SwiftLint\"\nfi\n";
		};
		D706A887330181305494F3D8 /* [CP] Embed Pods Frameworks */ = {
			isa = PBXShellScriptBuildPhase;
			buildActionMask = 2147483647;
			files = (
			);
			inputPaths = (
				"${SRCROOT}/../Pods/Target Support Files/Pods-All-WindowExplorer/Pods-All-WindowExplorer-frameworks.sh",
				"${BUILT_PRODUCTS_DIR}/Alamofire-macOS/Alamofire.framework",
				"${BUILT_PRODUCTS_DIR}/AlamofireImage-macOS/AlamofireImage.framework",
				"${BUILT_PRODUCTS_DIR}/CocoaAsyncSocket-macOS/CocoaAsyncSocket.framework",
				"${BUILT_PRODUCTS_DIR}/MONode-macOS/MONode.framework",
				"${BUILT_PRODUCTS_DIR}/PromiseKit.root-Alamofire-CorePromise-Foundation-QuartzCore/PromiseKit.framework",
				"${BUILT_PRODUCTS_DIR}/ReachabilitySwift/Reachability.framework",
			);
			name = "[CP] Embed Pods Frameworks";
			outputPaths = (
				"${TARGET_BUILD_DIR}/${FRAMEWORKS_FOLDER_PATH}/Alamofire.framework",
				"${TARGET_BUILD_DIR}/${FRAMEWORKS_FOLDER_PATH}/AlamofireImage.framework",
				"${TARGET_BUILD_DIR}/${FRAMEWORKS_FOLDER_PATH}/CocoaAsyncSocket.framework",
				"${TARGET_BUILD_DIR}/${FRAMEWORKS_FOLDER_PATH}/MONode.framework",
				"${TARGET_BUILD_DIR}/${FRAMEWORKS_FOLDER_PATH}/PromiseKit.framework",
				"${TARGET_BUILD_DIR}/${FRAMEWORKS_FOLDER_PATH}/Reachability.framework",
			);
			runOnlyForDeploymentPostprocessing = 0;
			shellPath = /bin/sh;
			shellScript = "\"${SRCROOT}/../Pods/Target Support Files/Pods-All-WindowExplorer/Pods-All-WindowExplorer-frameworks.sh\"\n";
			showEnvVarsInLog = 0;
		};
		EA5D45800FABF07BEC3A6B2E /* [CP] Check Pods Manifest.lock */ = {
			isa = PBXShellScriptBuildPhase;
			buildActionMask = 2147483647;
			files = (
			);
			inputPaths = (
				"${PODS_PODFILE_DIR_PATH}/Podfile.lock",
				"${PODS_ROOT}/Manifest.lock",
			);
			name = "[CP] Check Pods Manifest.lock";
			outputPaths = (
				"$(DERIVED_FILE_DIR)/Pods-All-WindowExplorer-checkManifestLockResult.txt",
			);
			runOnlyForDeploymentPostprocessing = 0;
			shellPath = /bin/sh;
			shellScript = "diff \"${PODS_PODFILE_DIR_PATH}/Podfile.lock\" \"${PODS_ROOT}/Manifest.lock\" > /dev/null\nif [ $? != 0 ] ; then\n    # print error to STDERR\n    echo \"error: The sandbox is not in sync with the Podfile.lock. Run 'pod install' or update your CocoaPods installation.\" >&2\n    exit 1\nfi\n# This output is used by Xcode 'outputs' to avoid re-running this script phase.\necho \"SUCCESS\" > \"${SCRIPT_OUTPUT_FILE_0}\"\n";
			showEnvVarsInLog = 0;
		};
/* End PBXShellScriptBuildPhase section */

/* Begin PBXSourcesBuildPhase section */
		22A923192044AF05003EA9BB /* Sources */ = {
			isa = PBXSourcesBuildPhase;
			buildActionMask = 2147483647;
			files = (
				1F910718206C2973008F9513 /* ImageView.swift in Sources */,
				A47C67E420CB07CB00C361D1 /* MapNotifications.swift in Sources */,
				226A4526214F343800860F0E /* TouchScreen.swift in Sources */,
				22004FE620DD7DE700B1E740 /* Settings.swift in Sources */,
				22A76FEC2046477A006C0AE7 /* PlayerViewController.swift in Sources */,
				D92E0F00206052C900C1C9A7 /* ArrowControl.swift in Sources */,
				2204623520472FDF0067D9FB /* Int.swift in Sources */,
				226D0587204FC78100D74711 /* CachingNetwork.swift in Sources */,
				22046246204730780067D9FB /* GestureRecognizer.swift in Sources */,
				618F0C322069FFD600762C20 /* AudioController.swift in Sources */,
				2204625D204730C70067D9FB /* TouchProperties.swift in Sources */,
				A456F6C020C73826004534A4 /* SettingsViewController.swift in Sources */,
				2204623420472FDF0067D9FB /* NSImage.swift in Sources */,
				D9F24E62205B040700B9FCB8 /* ImageViewController.swift in Sources */,
				A44DB17D21386FED00D45A01 /* InfoItem.swift in Sources */,
				8F8DE19220A3EDFD006FA48B /* RelatedItemView.swift in Sources */,
				227B5E11205611BB00F403B3 /* Style.swift in Sources */,
				22AE5D2520D2DB3200D5FB9C /* ConnectionManager.swift in Sources */,
				22CFCF662149A1A100EBD1A6 /* MenuSide.swift in Sources */,
				8F6EFD7D2098FF0800E4D97D /* FadingScrollView.swift in Sources */,
				8E4010A220487E0300E81AAA /* Collection.swift in Sources */,
				2290A04220E4196E00F028C4 /* TimelineNotifications.swift in Sources */,
				618F0C2F2069F98900762C20 /* MultiChannelPanner.swift in Sources */,
				22F309BF20A224A000BA5456 /* LetterGroup.swift in Sources */,
				3F2FAB5B204F7D24002EDF5D /* Artifact.swift in Sources */,
				22B1E2CD204638B900BDDF14 /* GestureManager.swift in Sources */,
				A44A56F52136186600F73D55 /* InfoViewController.swift in Sources */,
				D9F24E5D205AFE2900B9FCB8 /* Media.swift in Sources */,
				225FBBA1208E89BA00B2CD3E /* MasterViewController.swift in Sources */,
				22A76FE620464764006C0AE7 /* PDFViewController.swift in Sources */,
				A44A477A213777B8000DFF90 /* String.swift in Sources */,
				A460292B20B4C6A0000F902E /* MenuViewController.swift in Sources */,
				2276AE65204E7150001FAD8B /* BorderlessWindow.swift in Sources */,
				222D1BC0214B198B007417B8 /* RecordCollection.swift in Sources */,
				D992E20A20533A3A00EAB698 /* RecordViewController.swift in Sources */,
				22A4985E204733770024B46C /* WindowManager.swift in Sources */,
				22046245204730780067D9FB /* RotateGestureRecognizer.swift in Sources */,
				2222B13C20D9866900ECCB5D /* SettingsNotifications.swift in Sources */,
				A4694B66209CEC18006A407F /* RecordFilterType.swift in Sources */,
				D92E0EFE20604BDB00C1C9A7 /* PageControl.swift in Sources */,
				2243C7DD2093A10F00CE2CA0 /* ApplicationType.swift in Sources */,
				2204623A20472FDF0067D9FB /* MapKit.swift in Sources */,
				22046254204730C70067D9FB /* Touch.swift in Sources */,
				3F47D52F206420C6001E86E3 /* FlippedClipView.swift in Sources */,
				A479488020B89ACC00091CEC /* MenuButtonType.swift in Sources */,
				8E4010A020487B8D00E81AAA /* WindowFactory.swift in Sources */,
				22F309BC20A2220C00BA5456 /* Province.swift in Sources */,
				2256D293208FEF5D009DEADE /* RecordTypeSelectionView.swift in Sources */,
				CD096C8A20A3AD7F00C8A732 /* GeocodeHelper.swift in Sources */,
				22A498612047349C0024B46C /* RecordNotifications.swift in Sources */,
				618F0C292069F8F000762C20 /* AKPlayer.swift in Sources */,
				2204621920472F2D0067D9FB /* PlayerControl.swift in Sources */,
				22004FE420DD7A7F00B1E740 /* SettingsManager.swift in Sources */,
				22B1E2CF204638CA00BDDF14 /* GestureHandler.swift in Sources */,
				2236F7602151EC2D00AD8148 /* IndicatorViewController.swift in Sources */,
				2222C7C320DC028000B76D12 /* RecordCollectionViewController.swift in Sources */,
				22A49878204749C30024B46C /* TouchState.swift in Sources */,
				2204623720472FDF0067D9FB /* PacketType.swift in Sources */,
				D9F24E5B2059DD1900B9FCB8 /* RecordNetwork.swift in Sources */,
				222EA54020DC14F400DB16CA /* RecordCollectionItemView.swift in Sources */,
				223613E720509D920024145C /* LastTwo.swift in Sources */,
				2204623320472FDF0067D9FB /* CoreGraphics.swift in Sources */,
				8FA62A08206BFAFC004E6092 /* RecordInfo.swift in Sources */,
				2204620E20472DE80067D9FB /* RelatedItemListView.swift in Sources */,
				22B85B01209CF0FA0099F44E /* SearchViewController.swift in Sources */,
				226D0589204FC7BC00D74711 /* ResponseHandler.swift in Sources */,
				D5384CF52071A74300A157AE /* PDFTableViewItem.swift in Sources */,
				222A94EB20D9D50A00B4AE4E /* MenuManager.swift in Sources */,
				618F0C33206A058900762C20 /* MultiChannelPanAudioUnit.mm in Sources */,
				CD7B3CD320ADFB2500723BDB /* ZoomControl.swift in Sources */,
				22A498752047499B0024B46C /* JSON.swift in Sources */,
				22046247204730780067D9FB /* PinchGestureRecognizer.swift in Sources */,
				8FEABDA12064702600612C84 /* MediaViewController.swift in Sources */,
				22046243204730780067D9FB /* SwipeGestureRecognizer.swift in Sources */,
				8F8DE18F20A3C48C006FA48B /* RelatedItemImageView.swift in Sources */,
				D901EBF02057490400BBFCF2 /* RegularTableView.swift in Sources */,
				224D9A6B207606E30041F1C6 /* VolumeLevel.swift in Sources */,
				618F0C35206A08CE00762C20 /* AudioComponentDescription.swift in Sources */,
				22046248204730780067D9FB /* TapGestureRecognizer.swift in Sources */,
				8FE6467B2060553100E6116A /* RegularScrollView.swift in Sources */,
				A456618020D9CDC400D23333 /* BorderControl.swift in Sources */,
				225FBBA5208EAF9400B2CD3E /* ControlAction.swift in Sources */,
				2247670020562F65003E8790 /* MediaItemView.swift in Sources */,
				22914F77204905230000D4E1 /* NSApplication.swift in Sources */,
				A407160E20AB94B800B54593 /* PriorityOrder.swift in Sources */,
				2204623920472FDF0067D9FB /* NetworkConfiguration.swift in Sources */,
				A456618320D9D42D00D23333 /* BorderViewController.swift in Sources */,
				2204623620472FDF0067D9FB /* AVKit.swift in Sources */,
				D9F24E5F205B01A000B9FCB8 /* WindowType.swift in Sources */,
				22914F752049001B0000D4E1 /* TouchManager.swift in Sources */,
				22F3EBAA21533A3500FCFF6B /* ApplicationState.swift in Sources */,
				D507D33B2072FD2B0003CEA7 /* ColoredSliderCell.swift in Sources */,
				A407161220ABAE5C00B54593 /* RelationshipHelper.swift in Sources */,
				2256D2992090CF3B009DEADE /* NSView.swift in Sources */,
				22A6D96B209D2936009957BB /* BaseViewController.swift in Sources */,
				3F0902612049C6B10044F100 /* Theme.swift in Sources */,
				A4540D16211B62FC00D50395 /* NSCollectionView.swift in Sources */,
				22046244204730780067D9FB /* PanGestureRecognizer.swift in Sources */,
				22927912208E531C005E2036 /* BackgroundTimer.swift in Sources */,
				2204623820472FDF0067D9FB /* URL.swift in Sources */,
				A44A56FB2136342000F73D55 /* InfoItemView.swift in Sources */,
				A456CE9820D0A39E0036F020 /* SettingTypes.swift in Sources */,
				2204621820472F2D0067D9FB /* PlayerState.swift in Sources */,
				8F2B188F20AA321700C5E0FA /* RelatedItemViewLayout.swift in Sources */,
				D901EBED2056EEFE00BBFCF2 /* Record.swift in Sources */,
				22A923212044AF05003EA9BB /* AppDelegate.swift in Sources */,
				A457D19820C9A42900D21ABA /* SwitchControl.swift in Sources */,
				22046259204730C70067D9FB /* School.swift in Sources */,
				226D0582204FC38700D74711 /* Event.swift in Sources */,
				22AEAF0420B67E6700DD184B /* Math.swift in Sources */,
				226A45292150230200860F0E /* InfoCollectionItemView.swift in Sources */,
				222D1BC4214C8505007417B8 /* RecordManager.swift in Sources */,
				22B85B07209CF5200099F44E /* SearchItemView.swift in Sources */,
				A4551B6420DC38D100D8C029 /* MenuButton.swift in Sources */,
				2224125E206BFE9F008E7A9D /* RecordType.swift in Sources */,
				3F09025F2048E0E70044F100 /* Organization.swift in Sources */,
			);
			runOnlyForDeploymentPostprocessing = 0;
		};
/* End PBXSourcesBuildPhase section */

/* Begin PBXVariantGroup section */
		22B85AFB209B7ADF0099F44E /* Main.storyboard */ = {
			isa = PBXVariantGroup;
			children = (
				22B85AFC209B7ADF0099F44E /* Base */,
			);
			name = Main.storyboard;
			sourceTree = "<group>";
		};
/* End PBXVariantGroup section */

/* Begin XCBuildConfiguration section */
		22A9232B2044AF05003EA9BB /* Debug */ = {
			isa = XCBuildConfiguration;
			buildSettings = {
				ALWAYS_SEARCH_USER_PATHS = NO;
				CLANG_ANALYZER_NONNULL = YES;
				CLANG_ANALYZER_NUMBER_OBJECT_CONVERSION = YES_AGGRESSIVE;
				CLANG_CXX_LANGUAGE_STANDARD = "gnu++14";
				CLANG_CXX_LIBRARY = "libc++";
				CLANG_ENABLE_MODULES = YES;
				CLANG_ENABLE_OBJC_ARC = YES;
				CLANG_WARN_BLOCK_CAPTURE_AUTORELEASING = YES;
				CLANG_WARN_BOOL_CONVERSION = YES;
				CLANG_WARN_COMMA = YES;
				CLANG_WARN_CONSTANT_CONVERSION = YES;
				CLANG_WARN_DEPRECATED_OBJC_IMPLEMENTATIONS = YES;
				CLANG_WARN_DIRECT_OBJC_ISA_USAGE = YES_ERROR;
				CLANG_WARN_DOCUMENTATION_COMMENTS = YES;
				CLANG_WARN_EMPTY_BODY = YES;
				CLANG_WARN_ENUM_CONVERSION = YES;
				CLANG_WARN_INFINITE_RECURSION = YES;
				CLANG_WARN_INT_CONVERSION = YES;
				CLANG_WARN_NON_LITERAL_NULL_CONVERSION = YES;
				CLANG_WARN_OBJC_IMPLICIT_RETAIN_SELF = YES;
				CLANG_WARN_OBJC_LITERAL_CONVERSION = YES;
				CLANG_WARN_OBJC_ROOT_CLASS = YES_ERROR;
				CLANG_WARN_RANGE_LOOP_ANALYSIS = YES;
				CLANG_WARN_STRICT_PROTOTYPES = YES;
				CLANG_WARN_SUSPICIOUS_MOVE = YES;
				CLANG_WARN_UNGUARDED_AVAILABILITY = YES_AGGRESSIVE;
				CLANG_WARN_UNREACHABLE_CODE = YES;
				CLANG_WARN__DUPLICATE_METHOD_MATCH = YES;
				CODE_SIGN_IDENTITY = "Mac Developer";
				COPY_PHASE_STRIP = NO;
				DEBUG_INFORMATION_FORMAT = dwarf;
				ENABLE_STRICT_OBJC_MSGSEND = YES;
				ENABLE_TESTABILITY = YES;
				GCC_C_LANGUAGE_STANDARD = gnu11;
				GCC_DYNAMIC_NO_PIC = NO;
				GCC_NO_COMMON_BLOCKS = YES;
				GCC_OPTIMIZATION_LEVEL = 0;
				GCC_PREPROCESSOR_DEFINITIONS = (
					"DEBUG=1",
					"$(inherited)",
				);
				GCC_WARN_64_TO_32_BIT_CONVERSION = YES;
				GCC_WARN_ABOUT_RETURN_TYPE = YES_ERROR;
				GCC_WARN_UNDECLARED_SELECTOR = YES;
				GCC_WARN_UNINITIALIZED_AUTOS = YES_AGGRESSIVE;
				GCC_WARN_UNUSED_FUNCTION = YES;
				GCC_WARN_UNUSED_VARIABLE = YES;
				MACOSX_DEPLOYMENT_TARGET = 10.13;
				MTL_ENABLE_DEBUG_INFO = YES;
				ONLY_ACTIVE_ARCH = YES;
				SDKROOT = macosx;
				SWIFT_ACTIVE_COMPILATION_CONDITIONS = DEBUG;
				SWIFT_OPTIMIZATION_LEVEL = "-Onone";
			};
			name = Debug;
		};
		22A9232C2044AF05003EA9BB /* Release */ = {
			isa = XCBuildConfiguration;
			buildSettings = {
				ALWAYS_SEARCH_USER_PATHS = NO;
				CLANG_ANALYZER_NONNULL = YES;
				CLANG_ANALYZER_NUMBER_OBJECT_CONVERSION = YES_AGGRESSIVE;
				CLANG_CXX_LANGUAGE_STANDARD = "gnu++14";
				CLANG_CXX_LIBRARY = "libc++";
				CLANG_ENABLE_MODULES = YES;
				CLANG_ENABLE_OBJC_ARC = YES;
				CLANG_WARN_BLOCK_CAPTURE_AUTORELEASING = YES;
				CLANG_WARN_BOOL_CONVERSION = YES;
				CLANG_WARN_COMMA = YES;
				CLANG_WARN_CONSTANT_CONVERSION = YES;
				CLANG_WARN_DEPRECATED_OBJC_IMPLEMENTATIONS = YES;
				CLANG_WARN_DIRECT_OBJC_ISA_USAGE = YES_ERROR;
				CLANG_WARN_DOCUMENTATION_COMMENTS = YES;
				CLANG_WARN_EMPTY_BODY = YES;
				CLANG_WARN_ENUM_CONVERSION = YES;
				CLANG_WARN_INFINITE_RECURSION = YES;
				CLANG_WARN_INT_CONVERSION = YES;
				CLANG_WARN_NON_LITERAL_NULL_CONVERSION = YES;
				CLANG_WARN_OBJC_IMPLICIT_RETAIN_SELF = YES;
				CLANG_WARN_OBJC_LITERAL_CONVERSION = YES;
				CLANG_WARN_OBJC_ROOT_CLASS = YES_ERROR;
				CLANG_WARN_RANGE_LOOP_ANALYSIS = YES;
				CLANG_WARN_STRICT_PROTOTYPES = YES;
				CLANG_WARN_SUSPICIOUS_MOVE = YES;
				CLANG_WARN_UNGUARDED_AVAILABILITY = YES_AGGRESSIVE;
				CLANG_WARN_UNREACHABLE_CODE = YES;
				CLANG_WARN__DUPLICATE_METHOD_MATCH = YES;
				CODE_SIGN_IDENTITY = "Mac Developer";
				COPY_PHASE_STRIP = NO;
				DEBUG_INFORMATION_FORMAT = "dwarf-with-dsym";
				ENABLE_NS_ASSERTIONS = NO;
				ENABLE_STRICT_OBJC_MSGSEND = YES;
				GCC_C_LANGUAGE_STANDARD = gnu11;
				GCC_NO_COMMON_BLOCKS = YES;
				GCC_WARN_64_TO_32_BIT_CONVERSION = YES;
				GCC_WARN_ABOUT_RETURN_TYPE = YES_ERROR;
				GCC_WARN_UNDECLARED_SELECTOR = YES;
				GCC_WARN_UNINITIALIZED_AUTOS = YES_AGGRESSIVE;
				GCC_WARN_UNUSED_FUNCTION = YES;
				GCC_WARN_UNUSED_VARIABLE = YES;
				MACOSX_DEPLOYMENT_TARGET = 10.13;
				MTL_ENABLE_DEBUG_INFO = NO;
				SDKROOT = macosx;
				SWIFT_OPTIMIZATION_LEVEL = "-Owholemodule";
			};
			name = Release;
		};
		22A9232E2044AF05003EA9BB /* Debug */ = {
			isa = XCBuildConfiguration;
			baseConfigurationReference = 2B994FF43C43BAD129E83037 /* Pods-All-WindowExplorer.debug.xcconfig */;
			buildSettings = {
				ASSETCATALOG_COMPILER_APPICON_NAME = AppIcon;
				CODE_SIGN_IDENTITY = "Mac Developer";
				CODE_SIGN_STYLE = Automatic;
				COMBINE_HIDPI_IMAGES = YES;
				DEVELOPMENT_TEAM = M6262HME76;
				INFOPLIST_FILE = Metadata/WindowExplorer.plist;
				LD_RUNPATH_SEARCH_PATHS = "$(inherited) @executable_path/../Frameworks";
				PRODUCT_BUNDLE_IDENTIFIER = is.slant.WindowExplorer;
				PRODUCT_NAME = "$(TARGET_NAME)";
				PROVISIONING_PROFILE_SPECIFIER = "";
				SWIFT_OBJC_BRIDGING_HEADER = Metadata/BridgingHeader.h;
				SWIFT_VERSION = 4.2;
			};
			name = Debug;
		};
		22A9232F2044AF05003EA9BB /* Release */ = {
			isa = XCBuildConfiguration;
			baseConfigurationReference = CE471FCE047AE2FD1C92BA3A /* Pods-All-WindowExplorer.release.xcconfig */;
			buildSettings = {
				ASSETCATALOG_COMPILER_APPICON_NAME = AppIcon;
				CODE_SIGN_IDENTITY = "Mac Developer";
				CODE_SIGN_STYLE = Automatic;
				COMBINE_HIDPI_IMAGES = YES;
				DEVELOPMENT_TEAM = M6262HME76;
				INFOPLIST_FILE = Metadata/WindowExplorer.plist;
				LD_RUNPATH_SEARCH_PATHS = "$(inherited) @executable_path/../Frameworks";
				PRODUCT_BUNDLE_IDENTIFIER = is.slant.WindowExplorer;
				PRODUCT_NAME = "$(TARGET_NAME)";
				PROVISIONING_PROFILE_SPECIFIER = "";
				SWIFT_OBJC_BRIDGING_HEADER = Metadata/BridgingHeader.h;
				SWIFT_VERSION = 4.2;
			};
			name = Release;
		};
/* End XCBuildConfiguration section */

/* Begin XCConfigurationList section */
		22A923182044AF05003EA9BB /* Build configuration list for PBXProject "WindowExplorer" */ = {
			isa = XCConfigurationList;
			buildConfigurations = (
				22A9232B2044AF05003EA9BB /* Debug */,
				22A9232C2044AF05003EA9BB /* Release */,
			);
			defaultConfigurationIsVisible = 0;
			defaultConfigurationName = Release;
		};
		22A9232D2044AF05003EA9BB /* Build configuration list for PBXNativeTarget "WindowExplorer" */ = {
			isa = XCConfigurationList;
			buildConfigurations = (
				22A9232E2044AF05003EA9BB /* Debug */,
				22A9232F2044AF05003EA9BB /* Release */,
			);
			defaultConfigurationIsVisible = 0;
			defaultConfigurationName = Release;
		};
/* End XCConfigurationList section */
	};
	rootObject = 22A923152044AF05003EA9BB /* Project object */;
}
