PODS:
  - Alamofire (4.6.0)
  - C4 (3.0.1)
  - CocoaAsyncSocket (7.6.2)
  - MONode (0.0.1):
    - CocoaAsyncSocket (~> 7.6.1)

DEPENDENCIES:
  - Alamofire (~> 4.5)
  - C4 (~> 3.0.1)
  - MONode (from `git@github.com:SlantDesign/mo.git`)

EXTERNAL SOURCES:
  MONode:
    :git: git@github.com:SlantDesign/mo.git

CHECKOUT OPTIONS:
  MONode:
    :commit: 50eab2c5b295ec5a66d79aeb6637f19868b056b9
    :git: git@github.com:SlantDesign/mo.git

SPEC CHECKSUMS:
  Alamofire: f41a599bd63041760b26d393ec1069d9d7b917f4
  C4: 8a51425000f760d5e89ba294a8284467a1bd1231
  CocoaAsyncSocket: 3541e024f48c54b251638ef72d51dd42808de932
  MONode: 6bcc731f16d2f355b7c29da63823b95cd945b290

PODFILE CHECKSUM: 6b0aa2864b47abae3df94a318b5341e50fc5c598

COCOAPODS: 1.4.0
